// !$*UTF8*$!
{
	archiveVersion = 1;
	classes = {
	};
	objectVersion = 56;
	objects = {

/* Begin PBXBuildFile section */
		9602B0EF29D9626200FD66D2 /* TrackersViewPresenter.swift in Sources */ = {isa = PBXBuildFile; fileRef = 9602B0EE29D9626200FD66D2 /* TrackersViewPresenter.swift */; };
		9602B0F229D967BB00FD66D2 /* TrackerPlaceholderView.swift in Sources */ = {isa = PBXBuildFile; fileRef = 9602B0F129D967BB00FD66D2 /* TrackerPlaceholderView.swift */; };
		9602B0F729D9DD1600FD66D2 /* TrackersCollectionViewCell.swift in Sources */ = {isa = PBXBuildFile; fileRef = 9602B0F629D9DD1600FD66D2 /* TrackersCollectionViewCell.swift */; };
		9617C95429DAE0F90054987D /* Tracker.swift in Sources */ = {isa = PBXBuildFile; fileRef = 9617C95329DAE0F90054987D /* Tracker.swift */; };
		9617C95629DAE1090054987D /* TrackerCategory.swift in Sources */ = {isa = PBXBuildFile; fileRef = 9617C95529DAE1090054987D /* TrackerCategory.swift */; };
		9617C95829DAE11E0054987D /* TrackerRecord.swift in Sources */ = {isa = PBXBuildFile; fileRef = 9617C95729DAE11E0054987D /* TrackerRecord.swift */; };
		9617C95B29DAE5920054987D /* WeekDay.swift in Sources */ = {isa = PBXBuildFile; fileRef = 9617C95A29DAE5920054987D /* WeekDay.swift */; };
		9617C95F29DB0CF70054987D /* TrackersViewPresenterCollectionHelper.swift in Sources */ = {isa = PBXBuildFile; fileRef = 9617C95E29DB0CF70054987D /* TrackersViewPresenterCollectionHelper.swift */; };
		9617C96229DC77620054987D /* TrackerCollectionViewConstants.swift in Sources */ = {isa = PBXBuildFile; fileRef = 9617C96129DC77620054987D /* TrackerCollectionViewConstants.swift */; };
		9617C96629DD77180054987D /* Device.swift in Sources */ = {isa = PBXBuildFile; fileRef = 9617C96529DD77180054987D /* Device.swift */; };
		9617C96B29DD88860054987D /* CompleteTrackerButton.swift in Sources */ = {isa = PBXBuildFile; fileRef = 9617C96A29DD88860054987D /* CompleteTrackerButton.swift */; };
		9617C96D29DDCCE30054987D /* TrackersCollectionSectionHeader.swift in Sources */ = {isa = PBXBuildFile; fileRef = 9617C96C29DDCCE30054987D /* TrackersCollectionSectionHeader.swift */; };
		96251DE52A5FA84000E13596 /* TrackerUITests.swift in Sources */ = {isa = PBXBuildFile; fileRef = 96251DE42A5FA84000E13596 /* TrackerUITests.swift */; };
		96251DE72A5FA84000E13596 /* TrackerUITestsLaunchTests.swift in Sources */ = {isa = PBXBuildFile; fileRef = 96251DE62A5FA84000E13596 /* TrackerUITestsLaunchTests.swift */; };
		96251DF22A5FA8C600E13596 /* SnapshotTesting in Frameworks */ = {isa = PBXBuildFile; productRef = 96251DF12A5FA8C600E13596 /* SnapshotTesting */; };
		9629563729CD846900A587C5 /* AppDelegate.swift in Sources */ = {isa = PBXBuildFile; fileRef = 9629563629CD846900A587C5 /* AppDelegate.swift */; };
		9629563929CD846900A587C5 /* SceneDelegate.swift in Sources */ = {isa = PBXBuildFile; fileRef = 9629563829CD846900A587C5 /* SceneDelegate.swift */; };
		9629563B29CD846900A587C5 /* TrackersViewController.swift in Sources */ = {isa = PBXBuildFile; fileRef = 9629563A29CD846900A587C5 /* TrackersViewController.swift */; };
		9629564029CD846B00A587C5 /* Assets.xcassets in Resources */ = {isa = PBXBuildFile; fileRef = 9629563F29CD846B00A587C5 /* Assets.xcassets */; };
		9629564329CD846B00A587C5 /* LaunchScreen.storyboard in Resources */ = {isa = PBXBuildFile; fileRef = 9629564129CD846B00A587C5 /* LaunchScreen.storyboard */; };
		96530B842A3F2DD000929597 /* EmojisCollectionViewHelper.swift in Sources */ = {isa = PBXBuildFile; fileRef = 96530B832A3F2DD000929597 /* EmojisCollectionViewHelper.swift */; };
		9654A97029ED710500B4A718 /* TrackerTitleTextFieldHelper.swift in Sources */ = {isa = PBXBuildFile; fileRef = 9654A96F29ED710500B4A718 /* TrackerTitleTextFieldHelper.swift */; };
		9654A97329EE606500B4A718 /* TrackerScheduleConstants.swift in Sources */ = {isa = PBXBuildFile; fileRef = 9654A97229EE606500B4A718 /* TrackerScheduleConstants.swift */; };
		9654A97529EE85C600B4A718 /* TrackerSchedulePresenter.swift in Sources */ = {isa = PBXBuildFile; fileRef = 9654A97429EE85C600B4A718 /* TrackerSchedulePresenter.swift */; };
		9654A97829EE869B00B4A718 /* TrackerScheduleTableViewHelper.swift in Sources */ = {isa = PBXBuildFile; fileRef = 9654A97729EE869B00B4A718 /* TrackerScheduleTableViewHelper.swift */; };
		9654A97C29EE921300B4A718 /* TrackerScheduleTableViewCell.swift in Sources */ = {isa = PBXBuildFile; fileRef = 9654A97B29EE921300B4A718 /* TrackerScheduleTableViewCell.swift */; };
		9661855329F1746E0003C57A /* Date+Extensions.swift in Sources */ = {isa = PBXBuildFile; fileRef = 9661855229F1746E0003C57A /* Date+Extensions.swift */; };
		966C65E62A5D7CB8007D575B /* Localizable.strings in Resources */ = {isa = PBXBuildFile; fileRef = 966C65E82A5D7CB8007D575B /* Localizable.strings */; };
		966C65F22A5EA679007D575B /* Localizable.stringsdict in Resources */ = {isa = PBXBuildFile; fileRef = 966C65F42A5EA679007D575B /* Localizable.stringsdict */; };
		966DD3B129E9BACE00296CDF /* TrackerOptionsTableViewCell.swift in Sources */ = {isa = PBXBuildFile; fileRef = 966DD3B029E9BACE00296CDF /* TrackerOptionsTableViewCell.swift */; };
		966DD3B329E9BB2800296CDF /* TrackerAddingViewPresenter.swift in Sources */ = {isa = PBXBuildFile; fileRef = 966DD3B229E9BB2800296CDF /* TrackerAddingViewPresenter.swift */; };
		966DD3B729E9BF6A00296CDF /* TrackerOptionsTableViewHelper.swift in Sources */ = {isa = PBXBuildFile; fileRef = 966DD3B629E9BF6A00296CDF /* TrackerOptionsTableViewHelper.swift */; };
		966DD3B929EA62F600296CDF /* UITableView+LastCellIndexPath.swift in Sources */ = {isa = PBXBuildFile; fileRef = 966DD3B829EA62F600296CDF /* UITableView+LastCellIndexPath.swift */; };
		966DD3BC29EA75AA00296CDF /* TrackerScheduleViewController.swift in Sources */ = {isa = PBXBuildFile; fileRef = 966DD3BB29EA75AA00296CDF /* TrackerScheduleViewController.swift */; };
		966DD3BE29EA7EEA00296CDF /* TrackerCustomButton.swift in Sources */ = {isa = PBXBuildFile; fileRef = 966DD3BD29EA7EEA00296CDF /* TrackerCustomButton.swift */; };
		9671FA982A5EEA460066EB41 /* YandexMetricaConfiguration.swift in Sources */ = {isa = PBXBuildFile; fileRef = 9671FA972A5EEA460066EB41 /* YandexMetricaConfiguration.swift */; };
		967A69882A556E1400224970 /* UICollectionViewCell+reuseIdentifier.swift in Sources */ = {isa = PBXBuildFile; fileRef = 967A69872A556E1400224970 /* UICollectionViewCell+reuseIdentifier.swift */; };
		967A698A2A557E8000224970 /* UIFont+Extensions.swift in Sources */ = {isa = PBXBuildFile; fileRef = 967A69892A557E8000224970 /* UIFont+Extensions.swift */; };
		967A698C2A55808500224970 /* Colors.xcassets in Resources */ = {isa = PBXBuildFile; fileRef = 967A698B2A55808500224970 /* Colors.xcassets */; };
		96816CDD2A5D6FAE003795A4 /* RswiftLibrary in Frameworks */ = {isa = PBXBuildFile; productRef = 96816CDC2A5D6FAE003795A4 /* RswiftLibrary */; };
		9686FA5929E2829500BE2BC0 /* TrackersViewPresenterSearchControllerHelper.swift in Sources */ = {isa = PBXBuildFile; fileRef = 9686FA5829E2829500BE2BC0 /* TrackersViewPresenterSearchControllerHelper.swift */; };
		968A7E6D2A1E1F88007D75A5 /* OnboardingViewController.swift in Sources */ = {isa = PBXBuildFile; fileRef = 968A7E6C2A1E1F88007D75A5 /* OnboardingViewController.swift */; };
		968A7E702A1E2013007D75A5 /* OnboardingPageViewController.swift in Sources */ = {isa = PBXBuildFile; fileRef = 968A7E6F2A1E2013007D75A5 /* OnboardingPageViewController.swift */; };
		968A7E742A1E21C2007D75A5 /* OnboardingViewPresenter.swift in Sources */ = {isa = PBXBuildFile; fileRef = 968A7E732A1E21C2007D75A5 /* OnboardingViewPresenter.swift */; };
		968A7E772A1E238A007D75A5 /* OnboardingViewControllerHelper.swift in Sources */ = {isa = PBXBuildFile; fileRef = 968A7E762A1E238A007D75A5 /* OnboardingViewControllerHelper.swift */; };
		968C175D2A5B151000769FC3 /* TrackerCategoryRouter.swift in Sources */ = {isa = PBXBuildFile; fileRef = 968C175C2A5B151000769FC3 /* TrackerCategoryRouter.swift */; };
		968C175F2A5B210800769FC3 /* OnboardingRouter.swift in Sources */ = {isa = PBXBuildFile; fileRef = 968C175E2A5B210800769FC3 /* OnboardingRouter.swift */; };
		968C17612A5BAB8000769FC3 /* TrackerAddingRouter.swift in Sources */ = {isa = PBXBuildFile; fileRef = 968C17602A5BAB8000769FC3 /* TrackerAddingRouter.swift */; };
		968C17632A5BAF4700769FC3 /* TrackerTypeRouter.swift in Sources */ = {isa = PBXBuildFile; fileRef = 968C17622A5BAF4700769FC3 /* TrackerTypeRouter.swift */; };
		968C17652A5BAF5400769FC3 /* TrackerTypePresenter.swift in Sources */ = {isa = PBXBuildFile; fileRef = 968C17642A5BAF5400769FC3 /* TrackerTypePresenter.swift */; };
		968C17672A5BC23400769FC3 /* TrackersViewRouter.swift in Sources */ = {isa = PBXBuildFile; fileRef = 968C17662A5BC23400769FC3 /* TrackersViewRouter.swift */; };
		969509B52A21D0DC00DC1DF3 /* UIImage+Extensions.swift in Sources */ = {isa = PBXBuildFile; fileRef = 969509B42A21D0DC00DC1DF3 /* UIImage+Extensions.swift */; };
		969BE48429DFBE9A0056D813 /* TrackersService.swift in Sources */ = {isa = PBXBuildFile; fileRef = 969BE48329DFBE9A0056D813 /* TrackersService.swift */; };
		969CDB6C2A57CFD6001EDB8B /* UIEdgeInsets+TableViewSeparatorInsets.swift in Sources */ = {isa = PBXBuildFile; fileRef = 969CDB6B2A57CFD6001EDB8B /* UIEdgeInsets+TableViewSeparatorInsets.swift */; };
		969CDB6E2A57E0F8001EDB8B /* TrackerNewCategoryViewModel.swift in Sources */ = {isa = PBXBuildFile; fileRef = 969CDB6D2A57E0F8001EDB8B /* TrackerNewCategoryViewModel.swift */; };
		969CDB702A57E109001EDB8B /* TrackerNewCategoryViewController.swift in Sources */ = {isa = PBXBuildFile; fileRef = 969CDB6F2A57E109001EDB8B /* TrackerNewCategoryViewController.swift */; };
		969CDB732A57F615001EDB8B /* TrackersFactory.swift in Sources */ = {isa = PBXBuildFile; fileRef = 969CDB722A57F615001EDB8B /* TrackersFactory.swift */; };
		969CDB782A58211D001EDB8B /* TrackersCategoryDataProvider.swift in Sources */ = {isa = PBXBuildFile; fileRef = 969CDB772A58211D001EDB8B /* TrackersCategoryDataProvider.swift */; };
		969CDB7B2A5822C5001EDB8B /* TrackersDataAdder.swift in Sources */ = {isa = PBXBuildFile; fileRef = 969CDB7A2A5822C5001EDB8B /* TrackersDataAdder.swift */; };
		969CDB7D2A5822CD001EDB8B /* TrackersDataCompleter.swift in Sources */ = {isa = PBXBuildFile; fileRef = 969CDB7C2A5822CD001EDB8B /* TrackersDataCompleter.swift */; };
		969CDB802A583885001EDB8B /* TrackersRecordDataFetcher.swift in Sources */ = {isa = PBXBuildFile; fileRef = 969CDB7F2A583885001EDB8B /* TrackersRecordDataFetcher.swift */; };
		969CDB842A583B70001EDB8B /* TrackersAddingService.swift in Sources */ = {isa = PBXBuildFile; fileRef = 969CDB832A583B70001EDB8B /* TrackersAddingService.swift */; };
		969CDB862A583B7E001EDB8B /* TrackersCompletingService.swift in Sources */ = {isa = PBXBuildFile; fileRef = 969CDB852A583B7E001EDB8B /* TrackersCompletingService.swift */; };
		969CDB882A583B93001EDB8B /* TrackersRecordService.swift in Sources */ = {isa = PBXBuildFile; fileRef = 969CDB872A583B93001EDB8B /* TrackersRecordService.swift */; };
		969CDB8A2A58447B001EDB8B /* TrackersCategoryFactory.swift in Sources */ = {isa = PBXBuildFile; fileRef = 969CDB892A58447B001EDB8B /* TrackersCategoryFactory.swift */; };
		969CDB8C2A58713E001EDB8B /* TrackersCategoryAddingService.swift in Sources */ = {isa = PBXBuildFile; fileRef = 969CDB8B2A58713E001EDB8B /* TrackersCategoryAddingService.swift */; };
		969CDB8F2A587166001EDB8B /* TrackersCategoryDataAdder.swift in Sources */ = {isa = PBXBuildFile; fileRef = 969CDB8E2A587166001EDB8B /* TrackersCategoryDataAdder.swift */; };
		96A606D92A3C4D34007C5262 /* OnboardingConstants.swift in Sources */ = {isa = PBXBuildFile; fileRef = 96A606D82A3C4D34007C5262 /* OnboardingConstants.swift */; };
		96A606DB2A3C8D9F007C5262 /* TrackersCategoryService.swift in Sources */ = {isa = PBXBuildFile; fileRef = 96A606DA2A3C8D9F007C5262 /* TrackersCategoryService.swift */; };
		96A606DE2A3C8FBC007C5262 /* FirstLaunchService.swift in Sources */ = {isa = PBXBuildFile; fileRef = 96A606DD2A3C8FBC007C5262 /* FirstLaunchService.swift */; };
		96BAA8A62A02B1D000513D83 /* UIColorMarshalling.swift in Sources */ = {isa = PBXBuildFile; fileRef = 96BAA8A52A02B1D000513D83 /* UIColorMarshalling.swift */; };
		96C7E76529E65ED200BA7F67 /* AlertPresenterService.swift in Sources */ = {isa = PBXBuildFile; fileRef = 96C7E76429E65ED200BA7F67 /* AlertPresenterService.swift */; };
		96C7E76829E65F3500BA7F67 /* AlertModel.swift in Sources */ = {isa = PBXBuildFile; fileRef = 96C7E76729E65F3500BA7F67 /* AlertModel.swift */; };
		96C7E76A29E7039500BA7F67 /* Array+SafeSubscript.swift in Sources */ = {isa = PBXBuildFile; fileRef = 96C7E76929E7039500BA7F67 /* Array+SafeSubscript.swift */; };
		96C7E76E29E802D800BA7F67 /* TrackerTypeViewController.swift in Sources */ = {isa = PBXBuildFile; fileRef = 96C7E76D29E802D800BA7F67 /* TrackerTypeViewController.swift */; };
		96C7E77129E9186B00BA7F67 /* TrackerAddingViewController.swift in Sources */ = {isa = PBXBuildFile; fileRef = 96C7E77029E9186B00BA7F67 /* TrackerAddingViewController.swift */; };
		96C7E77329E92B6D00BA7F67 /* TrackerCustomTextField.swift in Sources */ = {isa = PBXBuildFile; fileRef = 96C7E77229E92B6D00BA7F67 /* TrackerCustomTextField.swift */; };
		96CE2AC32A409B8A002A08F0 /* TrackerCategoryTableViewHelper.swift in Sources */ = {isa = PBXBuildFile; fileRef = 96CE2AC22A409B8A002A08F0 /* TrackerCategoryTableViewHelper.swift */; };
		96CE2AC62A409BCA002A08F0 /* TrackerCategoryTableViewCell.swift in Sources */ = {isa = PBXBuildFile; fileRef = 96CE2AC52A409BCA002A08F0 /* TrackerCategoryTableViewCell.swift */; };
		96CE2AC82A40C6C7002A08F0 /* CellSelectedBackgroundView.swift in Sources */ = {isa = PBXBuildFile; fileRef = 96CE2AC72A40C6C7002A08F0 /* CellSelectedBackgroundView.swift */; };
		96CE2ACB2A41A38E002A08F0 /* UITableViewCell+Extensions.swift in Sources */ = {isa = PBXBuildFile; fileRef = 96CE2ACA2A41A38E002A08F0 /* UITableViewCell+Extensions.swift */; };
		96E067822A00252D000AC4C8 /* String+WeekDay.swift in Sources */ = {isa = PBXBuildFile; fileRef = 96E067812A00252D000AC4C8 /* String+WeekDay.swift */; };
		96E067852A00273F000AC4C8 /* TrackerCoreData.swift in Sources */ = {isa = PBXBuildFile; fileRef = 96E067832A00273F000AC4C8 /* TrackerCoreData.swift */; };
		96E316892A40519D00C08032 /* TrackerCategoryViewController.swift in Sources */ = {isa = PBXBuildFile; fileRef = 96E316882A40519D00C08032 /* TrackerCategoryViewController.swift */; };
		96E3168B2A40556500C08032 /* TrackerCategoryViewModel.swift in Sources */ = {isa = PBXBuildFile; fileRef = 96E3168A2A40556500C08032 /* TrackerCategoryViewModel.swift */; };
		96E63F4729D732F700AA0970 /* UIColor+Extensions.swift in Sources */ = {isa = PBXBuildFile; fileRef = 96E63F4629D732F700AA0970 /* UIColor+Extensions.swift */; };
		96E63F4D29D735D500AA0970 /* TabBarViewController.swift in Sources */ = {isa = PBXBuildFile; fileRef = 96E63F4C29D735D500AA0970 /* TabBarViewController.swift */; };
		96E63F5129D7360200AA0970 /* StatisticsViewController.swift in Sources */ = {isa = PBXBuildFile; fileRef = 96E63F5029D7360200AA0970 /* StatisticsViewController.swift */; };
		96F7031829F9798B00BBFF5C /* ColorsCollectionViewCell.swift in Sources */ = {isa = PBXBuildFile; fileRef = 96F7031729F9798B00BBFF5C /* ColorsCollectionViewCell.swift */; };
		96F7032529FA44F900BBFF5C /* ColorsCollectionViewHelper.swift in Sources */ = {isa = PBXBuildFile; fileRef = 96F7032429FA44F900BBFF5C /* ColorsCollectionViewHelper.swift */; };
		96F7032929FA45A600BBFF5C /* EmojisCollectionViewCell.swift in Sources */ = {isa = PBXBuildFile; fileRef = 96F7032829FA45A600BBFF5C /* EmojisCollectionViewCell.swift */; };
		96F7038629FD1BEA00BBFF5C /* TrackersDataStore.swift in Sources */ = {isa = PBXBuildFile; fileRef = 96F7038529FD1BEA00BBFF5C /* TrackersDataStore.swift */; };
		96F7038829FD1BF100BBFF5C /* TrackersRecordDataStore.swift in Sources */ = {isa = PBXBuildFile; fileRef = 96F7038729FD1BF100BBFF5C /* TrackersRecordDataStore.swift */; };
		96F7038A29FD1BF800BBFF5C /* TrackersCategoryDataStore.swift in Sources */ = {isa = PBXBuildFile; fileRef = 96F7038929FD1BF800BBFF5C /* TrackersCategoryDataStore.swift */; };
		96F7038E29FD1CCE00BBFF5C /* Tracker.xcdatamodeld in Sources */ = {isa = PBXBuildFile; fileRef = 96F7038C29FD1CCE00BBFF5C /* Tracker.xcdatamodeld */; };
		96F703A129FE95B100BBFF5C /* TrackersDataProvider.swift in Sources */ = {isa = PBXBuildFile; fileRef = 96F703A029FE95B100BBFF5C /* TrackersDataProvider.swift */; };
		96F703A329FEA4C100BBFF5C /* PersistentContainerCreater.swift in Sources */ = {isa = PBXBuildFile; fileRef = 96F703A229FEA4C100BBFF5C /* PersistentContainerCreater.swift */; };
		96F703AA29FEB56700BBFF5C /* TrackerRecordCoreData.swift in Sources */ = {isa = PBXBuildFile; fileRef = 96F703A429FEB56700BBFF5C /* TrackerRecordCoreData.swift */; };
		96F703AC29FEB56700BBFF5C /* TrackerCategoryCoreData.swift in Sources */ = {isa = PBXBuildFile; fileRef = 96F703A629FEB56700BBFF5C /* TrackerCategoryCoreData.swift */; };
		F55FF040B209D48E83A1DF60 /* Pods_Tracker.framework in Frameworks */ = {isa = PBXBuildFile; fileRef = 6857DDF4FACDF19754C7E211 /* Pods_Tracker.framework */; };
/* End PBXBuildFile section */

/* Begin PBXContainerItemProxy section */
		96251DE82A5FA84000E13596 /* PBXContainerItemProxy */ = {
			isa = PBXContainerItemProxy;
			containerPortal = 9629562B29CD846900A587C5 /* Project object */;
			proxyType = 1;
			remoteGlobalIDString = 9629563229CD846900A587C5;
			remoteInfo = Tracker;
		};
/* End PBXContainerItemProxy section */

/* Begin PBXFileReference section */
		114C57EBD368DB92101796D7 /* Pods-Tracker.release.xcconfig */ = {isa = PBXFileReference; includeInIndex = 1; lastKnownFileType = text.xcconfig; name = "Pods-Tracker.release.xcconfig"; path = "Target Support Files/Pods-Tracker/Pods-Tracker.release.xcconfig"; sourceTree = "<group>"; };
		6857DDF4FACDF19754C7E211 /* Pods_Tracker.framework */ = {isa = PBXFileReference; explicitFileType = wrapper.framework; includeInIndex = 0; path = Pods_Tracker.framework; sourceTree = BUILT_PRODUCTS_DIR; };
		9602B0EE29D9626200FD66D2 /* TrackersViewPresenter.swift */ = {isa = PBXFileReference; lastKnownFileType = sourcecode.swift; path = TrackersViewPresenter.swift; sourceTree = "<group>"; };
		9602B0F129D967BB00FD66D2 /* TrackerPlaceholderView.swift */ = {isa = PBXFileReference; lastKnownFileType = sourcecode.swift; path = TrackerPlaceholderView.swift; sourceTree = "<group>"; };
		9602B0F629D9DD1600FD66D2 /* TrackersCollectionViewCell.swift */ = {isa = PBXFileReference; lastKnownFileType = sourcecode.swift; path = TrackersCollectionViewCell.swift; sourceTree = "<group>"; };
		9617C95329DAE0F90054987D /* Tracker.swift */ = {isa = PBXFileReference; lastKnownFileType = sourcecode.swift; path = Tracker.swift; sourceTree = "<group>"; };
		9617C95529DAE1090054987D /* TrackerCategory.swift */ = {isa = PBXFileReference; lastKnownFileType = sourcecode.swift; path = TrackerCategory.swift; sourceTree = "<group>"; };
		9617C95729DAE11E0054987D /* TrackerRecord.swift */ = {isa = PBXFileReference; lastKnownFileType = sourcecode.swift; path = TrackerRecord.swift; sourceTree = "<group>"; };
		9617C95A29DAE5920054987D /* WeekDay.swift */ = {isa = PBXFileReference; lastKnownFileType = sourcecode.swift; path = WeekDay.swift; sourceTree = "<group>"; };
		9617C95E29DB0CF70054987D /* TrackersViewPresenterCollectionHelper.swift */ = {isa = PBXFileReference; lastKnownFileType = sourcecode.swift; path = TrackersViewPresenterCollectionHelper.swift; sourceTree = "<group>"; };
		9617C96129DC77620054987D /* TrackerCollectionViewConstants.swift */ = {isa = PBXFileReference; lastKnownFileType = sourcecode.swift; path = TrackerCollectionViewConstants.swift; sourceTree = "<group>"; };
		9617C96529DD77180054987D /* Device.swift */ = {isa = PBXFileReference; lastKnownFileType = sourcecode.swift; path = Device.swift; sourceTree = "<group>"; };
		9617C96A29DD88860054987D /* CompleteTrackerButton.swift */ = {isa = PBXFileReference; lastKnownFileType = sourcecode.swift; path = CompleteTrackerButton.swift; sourceTree = "<group>"; };
		9617C96C29DDCCE30054987D /* TrackersCollectionSectionHeader.swift */ = {isa = PBXFileReference; lastKnownFileType = sourcecode.swift; path = TrackersCollectionSectionHeader.swift; sourceTree = "<group>"; };
		96251DE22A5FA84000E13596 /* TrackerUITests.xctest */ = {isa = PBXFileReference; explicitFileType = wrapper.cfbundle; includeInIndex = 0; path = TrackerUITests.xctest; sourceTree = BUILT_PRODUCTS_DIR; };
		96251DE42A5FA84000E13596 /* TrackerUITests.swift */ = {isa = PBXFileReference; lastKnownFileType = sourcecode.swift; path = TrackerUITests.swift; sourceTree = "<group>"; };
		96251DE62A5FA84000E13596 /* TrackerUITestsLaunchTests.swift */ = {isa = PBXFileReference; lastKnownFileType = sourcecode.swift; path = TrackerUITestsLaunchTests.swift; sourceTree = "<group>"; };
		9629563329CD846900A587C5 /* Tracker.app */ = {isa = PBXFileReference; explicitFileType = wrapper.application; includeInIndex = 0; path = Tracker.app; sourceTree = BUILT_PRODUCTS_DIR; };
		9629563629CD846900A587C5 /* AppDelegate.swift */ = {isa = PBXFileReference; lastKnownFileType = sourcecode.swift; path = AppDelegate.swift; sourceTree = "<group>"; };
		9629563829CD846900A587C5 /* SceneDelegate.swift */ = {isa = PBXFileReference; lastKnownFileType = sourcecode.swift; path = SceneDelegate.swift; sourceTree = "<group>"; };
		9629563A29CD846900A587C5 /* TrackersViewController.swift */ = {isa = PBXFileReference; lastKnownFileType = sourcecode.swift; path = TrackersViewController.swift; sourceTree = "<group>"; };
		9629563F29CD846B00A587C5 /* Assets.xcassets */ = {isa = PBXFileReference; lastKnownFileType = folder.assetcatalog; path = Assets.xcassets; sourceTree = "<group>"; };
		9629564229CD846B00A587C5 /* Base */ = {isa = PBXFileReference; lastKnownFileType = file.storyboard; name = Base; path = Base.lproj/LaunchScreen.storyboard; sourceTree = "<group>"; };
		9629564429CD846B00A587C5 /* Info.plist */ = {isa = PBXFileReference; lastKnownFileType = text.plist.xml; path = Info.plist; sourceTree = "<group>"; };
		96530B832A3F2DD000929597 /* EmojisCollectionViewHelper.swift */ = {isa = PBXFileReference; fileEncoding = 4; lastKnownFileType = sourcecode.swift; path = EmojisCollectionViewHelper.swift; sourceTree = "<group>"; };
		9654A96F29ED710500B4A718 /* TrackerTitleTextFieldHelper.swift */ = {isa = PBXFileReference; lastKnownFileType = sourcecode.swift; path = TrackerTitleTextFieldHelper.swift; sourceTree = "<group>"; };
		9654A97229EE606500B4A718 /* TrackerScheduleConstants.swift */ = {isa = PBXFileReference; lastKnownFileType = sourcecode.swift; path = TrackerScheduleConstants.swift; sourceTree = "<group>"; };
		9654A97429EE85C600B4A718 /* TrackerSchedulePresenter.swift */ = {isa = PBXFileReference; lastKnownFileType = sourcecode.swift; path = TrackerSchedulePresenter.swift; sourceTree = "<group>"; };
		9654A97729EE869B00B4A718 /* TrackerScheduleTableViewHelper.swift */ = {isa = PBXFileReference; lastKnownFileType = sourcecode.swift; path = TrackerScheduleTableViewHelper.swift; sourceTree = "<group>"; };
		9654A97B29EE921300B4A718 /* TrackerScheduleTableViewCell.swift */ = {isa = PBXFileReference; lastKnownFileType = sourcecode.swift; path = TrackerScheduleTableViewCell.swift; sourceTree = "<group>"; };
		9661855229F1746E0003C57A /* Date+Extensions.swift */ = {isa = PBXFileReference; lastKnownFileType = sourcecode.swift; path = "Date+Extensions.swift"; sourceTree = "<group>"; };
		966C65E72A5D7CB8007D575B /* ru */ = {isa = PBXFileReference; lastKnownFileType = text.plist.strings; name = ru; path = ru.lproj/Localizable.strings; sourceTree = "<group>"; };
		966C65E92A5D7CBB007D575B /* de */ = {isa = PBXFileReference; lastKnownFileType = text.plist.strings; name = de; path = de.lproj/Localizable.strings; sourceTree = "<group>"; };
		966C65EA2A5D7CC9007D575B /* en */ = {isa = PBXFileReference; lastKnownFileType = text.plist.strings; name = en; path = en.lproj/Localizable.strings; sourceTree = "<group>"; };
		966C65F32A5EA679007D575B /* ru */ = {isa = PBXFileReference; lastKnownFileType = text.plist.stringsdict; name = ru; path = ru.lproj/Localizable.stringsdict; sourceTree = "<group>"; };
		966C65F52A5EA67C007D575B /* en */ = {isa = PBXFileReference; lastKnownFileType = text.plist.stringsdict; name = en; path = en.lproj/Localizable.stringsdict; sourceTree = "<group>"; };
		966C65F62A5EA67F007D575B /* de */ = {isa = PBXFileReference; lastKnownFileType = text.plist.stringsdict; name = de; path = de.lproj/Localizable.stringsdict; sourceTree = "<group>"; };
		966DD3B029E9BACE00296CDF /* TrackerOptionsTableViewCell.swift */ = {isa = PBXFileReference; lastKnownFileType = sourcecode.swift; path = TrackerOptionsTableViewCell.swift; sourceTree = "<group>"; };
		966DD3B229E9BB2800296CDF /* TrackerAddingViewPresenter.swift */ = {isa = PBXFileReference; lastKnownFileType = sourcecode.swift; path = TrackerAddingViewPresenter.swift; sourceTree = "<group>"; };
		966DD3B629E9BF6A00296CDF /* TrackerOptionsTableViewHelper.swift */ = {isa = PBXFileReference; lastKnownFileType = sourcecode.swift; path = TrackerOptionsTableViewHelper.swift; sourceTree = "<group>"; };
		966DD3B829EA62F600296CDF /* UITableView+LastCellIndexPath.swift */ = {isa = PBXFileReference; lastKnownFileType = sourcecode.swift; path = "UITableView+LastCellIndexPath.swift"; sourceTree = "<group>"; };
		966DD3BB29EA75AA00296CDF /* TrackerScheduleViewController.swift */ = {isa = PBXFileReference; lastKnownFileType = sourcecode.swift; path = TrackerScheduleViewController.swift; sourceTree = "<group>"; };
		966DD3BD29EA7EEA00296CDF /* TrackerCustomButton.swift */ = {isa = PBXFileReference; lastKnownFileType = sourcecode.swift; path = TrackerCustomButton.swift; sourceTree = "<group>"; };
		9671FA972A5EEA460066EB41 /* YandexMetricaConfiguration.swift */ = {isa = PBXFileReference; lastKnownFileType = sourcecode.swift; path = YandexMetricaConfiguration.swift; sourceTree = "<group>"; };
		967A69872A556E1400224970 /* UICollectionViewCell+reuseIdentifier.swift */ = {isa = PBXFileReference; lastKnownFileType = sourcecode.swift; path = "UICollectionViewCell+reuseIdentifier.swift"; sourceTree = "<group>"; };
		967A69892A557E8000224970 /* UIFont+Extensions.swift */ = {isa = PBXFileReference; lastKnownFileType = sourcecode.swift; path = "UIFont+Extensions.swift"; sourceTree = "<group>"; };
		967A698B2A55808500224970 /* Colors.xcassets */ = {isa = PBXFileReference; lastKnownFileType = folder.assetcatalog; path = Colors.xcassets; sourceTree = "<group>"; };
		9686FA5829E2829500BE2BC0 /* TrackersViewPresenterSearchControllerHelper.swift */ = {isa = PBXFileReference; lastKnownFileType = sourcecode.swift; path = TrackersViewPresenterSearchControllerHelper.swift; sourceTree = "<group>"; };
		968A7E6C2A1E1F88007D75A5 /* OnboardingViewController.swift */ = {isa = PBXFileReference; lastKnownFileType = sourcecode.swift; path = OnboardingViewController.swift; sourceTree = "<group>"; };
		968A7E6F2A1E2013007D75A5 /* OnboardingPageViewController.swift */ = {isa = PBXFileReference; lastKnownFileType = sourcecode.swift; path = OnboardingPageViewController.swift; sourceTree = "<group>"; };
		968A7E732A1E21C2007D75A5 /* OnboardingViewPresenter.swift */ = {isa = PBXFileReference; lastKnownFileType = sourcecode.swift; path = OnboardingViewPresenter.swift; sourceTree = "<group>"; };
		968A7E762A1E238A007D75A5 /* OnboardingViewControllerHelper.swift */ = {isa = PBXFileReference; lastKnownFileType = sourcecode.swift; path = OnboardingViewControllerHelper.swift; sourceTree = "<group>"; };
		968C175C2A5B151000769FC3 /* TrackerCategoryRouter.swift */ = {isa = PBXFileReference; lastKnownFileType = sourcecode.swift; path = TrackerCategoryRouter.swift; sourceTree = "<group>"; };
		968C175E2A5B210800769FC3 /* OnboardingRouter.swift */ = {isa = PBXFileReference; lastKnownFileType = sourcecode.swift; path = OnboardingRouter.swift; sourceTree = "<group>"; };
		968C17602A5BAB8000769FC3 /* TrackerAddingRouter.swift */ = {isa = PBXFileReference; lastKnownFileType = sourcecode.swift; path = TrackerAddingRouter.swift; sourceTree = "<group>"; };
		968C17622A5BAF4700769FC3 /* TrackerTypeRouter.swift */ = {isa = PBXFileReference; lastKnownFileType = sourcecode.swift; path = TrackerTypeRouter.swift; sourceTree = "<group>"; };
		968C17642A5BAF5400769FC3 /* TrackerTypePresenter.swift */ = {isa = PBXFileReference; lastKnownFileType = sourcecode.swift; path = TrackerTypePresenter.swift; sourceTree = "<group>"; };
		968C17662A5BC23400769FC3 /* TrackersViewRouter.swift */ = {isa = PBXFileReference; lastKnownFileType = sourcecode.swift; path = TrackersViewRouter.swift; sourceTree = "<group>"; };
		969509B42A21D0DC00DC1DF3 /* UIImage+Extensions.swift */ = {isa = PBXFileReference; lastKnownFileType = sourcecode.swift; path = "UIImage+Extensions.swift"; sourceTree = "<group>"; };
		969BE48329DFBE9A0056D813 /* TrackersService.swift */ = {isa = PBXFileReference; lastKnownFileType = sourcecode.swift; path = TrackersService.swift; sourceTree = "<group>"; };
		969CDB6B2A57CFD6001EDB8B /* UIEdgeInsets+TableViewSeparatorInsets.swift */ = {isa = PBXFileReference; lastKnownFileType = sourcecode.swift; path = "UIEdgeInsets+TableViewSeparatorInsets.swift"; sourceTree = "<group>"; };
		969CDB6D2A57E0F8001EDB8B /* TrackerNewCategoryViewModel.swift */ = {isa = PBXFileReference; lastKnownFileType = sourcecode.swift; path = TrackerNewCategoryViewModel.swift; sourceTree = "<group>"; };
		969CDB6F2A57E109001EDB8B /* TrackerNewCategoryViewController.swift */ = {isa = PBXFileReference; lastKnownFileType = sourcecode.swift; path = TrackerNewCategoryViewController.swift; sourceTree = "<group>"; };
		969CDB722A57F615001EDB8B /* TrackersFactory.swift */ = {isa = PBXFileReference; lastKnownFileType = sourcecode.swift; path = TrackersFactory.swift; sourceTree = "<group>"; };
		969CDB772A58211D001EDB8B /* TrackersCategoryDataProvider.swift */ = {isa = PBXFileReference; lastKnownFileType = sourcecode.swift; path = TrackersCategoryDataProvider.swift; sourceTree = "<group>"; };
		969CDB7A2A5822C5001EDB8B /* TrackersDataAdder.swift */ = {isa = PBXFileReference; lastKnownFileType = sourcecode.swift; path = TrackersDataAdder.swift; sourceTree = "<group>"; };
		969CDB7C2A5822CD001EDB8B /* TrackersDataCompleter.swift */ = {isa = PBXFileReference; lastKnownFileType = sourcecode.swift; path = TrackersDataCompleter.swift; sourceTree = "<group>"; };
		969CDB7F2A583885001EDB8B /* TrackersRecordDataFetcher.swift */ = {isa = PBXFileReference; lastKnownFileType = sourcecode.swift; path = TrackersRecordDataFetcher.swift; sourceTree = "<group>"; };
		969CDB832A583B70001EDB8B /* TrackersAddingService.swift */ = {isa = PBXFileReference; lastKnownFileType = sourcecode.swift; path = TrackersAddingService.swift; sourceTree = "<group>"; };
		969CDB852A583B7E001EDB8B /* TrackersCompletingService.swift */ = {isa = PBXFileReference; lastKnownFileType = sourcecode.swift; path = TrackersCompletingService.swift; sourceTree = "<group>"; };
		969CDB872A583B93001EDB8B /* TrackersRecordService.swift */ = {isa = PBXFileReference; lastKnownFileType = sourcecode.swift; path = TrackersRecordService.swift; sourceTree = "<group>"; };
		969CDB892A58447B001EDB8B /* TrackersCategoryFactory.swift */ = {isa = PBXFileReference; lastKnownFileType = sourcecode.swift; path = TrackersCategoryFactory.swift; sourceTree = "<group>"; };
		969CDB8B2A58713E001EDB8B /* TrackersCategoryAddingService.swift */ = {isa = PBXFileReference; lastKnownFileType = sourcecode.swift; path = TrackersCategoryAddingService.swift; sourceTree = "<group>"; };
		969CDB8E2A587166001EDB8B /* TrackersCategoryDataAdder.swift */ = {isa = PBXFileReference; lastKnownFileType = sourcecode.swift; path = TrackersCategoryDataAdder.swift; sourceTree = "<group>"; };
		96A606D82A3C4D34007C5262 /* OnboardingConstants.swift */ = {isa = PBXFileReference; lastKnownFileType = sourcecode.swift; path = OnboardingConstants.swift; sourceTree = "<group>"; };
		96A606DA2A3C8D9F007C5262 /* TrackersCategoryService.swift */ = {isa = PBXFileReference; lastKnownFileType = sourcecode.swift; path = TrackersCategoryService.swift; sourceTree = "<group>"; };
		96A606DD2A3C8FBC007C5262 /* FirstLaunchService.swift */ = {isa = PBXFileReference; lastKnownFileType = sourcecode.swift; path = FirstLaunchService.swift; sourceTree = "<group>"; };
		96BAA8A52A02B1D000513D83 /* UIColorMarshalling.swift */ = {isa = PBXFileReference; lastKnownFileType = sourcecode.swift; path = UIColorMarshalling.swift; sourceTree = "<group>"; };
		96C7E76429E65ED200BA7F67 /* AlertPresenterService.swift */ = {isa = PBXFileReference; lastKnownFileType = sourcecode.swift; path = AlertPresenterService.swift; sourceTree = "<group>"; };
		96C7E76729E65F3500BA7F67 /* AlertModel.swift */ = {isa = PBXFileReference; lastKnownFileType = sourcecode.swift; path = AlertModel.swift; sourceTree = "<group>"; };
		96C7E76929E7039500BA7F67 /* Array+SafeSubscript.swift */ = {isa = PBXFileReference; lastKnownFileType = sourcecode.swift; path = "Array+SafeSubscript.swift"; sourceTree = "<group>"; };
		96C7E76D29E802D800BA7F67 /* TrackerTypeViewController.swift */ = {isa = PBXFileReference; lastKnownFileType = sourcecode.swift; path = TrackerTypeViewController.swift; sourceTree = "<group>"; };
		96C7E77029E9186B00BA7F67 /* TrackerAddingViewController.swift */ = {isa = PBXFileReference; lastKnownFileType = sourcecode.swift; path = TrackerAddingViewController.swift; sourceTree = "<group>"; };
		96C7E77229E92B6D00BA7F67 /* TrackerCustomTextField.swift */ = {isa = PBXFileReference; lastKnownFileType = sourcecode.swift; path = TrackerCustomTextField.swift; sourceTree = "<group>"; };
		96CE2AC22A409B8A002A08F0 /* TrackerCategoryTableViewHelper.swift */ = {isa = PBXFileReference; lastKnownFileType = sourcecode.swift; path = TrackerCategoryTableViewHelper.swift; sourceTree = "<group>"; };
		96CE2AC52A409BCA002A08F0 /* TrackerCategoryTableViewCell.swift */ = {isa = PBXFileReference; lastKnownFileType = sourcecode.swift; path = TrackerCategoryTableViewCell.swift; sourceTree = "<group>"; };
		96CE2AC72A40C6C7002A08F0 /* CellSelectedBackgroundView.swift */ = {isa = PBXFileReference; lastKnownFileType = sourcecode.swift; path = CellSelectedBackgroundView.swift; sourceTree = "<group>"; };
		96CE2ACA2A41A38E002A08F0 /* UITableViewCell+Extensions.swift */ = {isa = PBXFileReference; lastKnownFileType = sourcecode.swift; path = "UITableViewCell+Extensions.swift"; sourceTree = "<group>"; };
		96E067812A00252D000AC4C8 /* String+WeekDay.swift */ = {isa = PBXFileReference; lastKnownFileType = sourcecode.swift; path = "String+WeekDay.swift"; sourceTree = "<group>"; };
		96E067832A00273F000AC4C8 /* TrackerCoreData.swift */ = {isa = PBXFileReference; lastKnownFileType = sourcecode.swift; path = TrackerCoreData.swift; sourceTree = "<group>"; };
		96E316882A40519D00C08032 /* TrackerCategoryViewController.swift */ = {isa = PBXFileReference; lastKnownFileType = sourcecode.swift; path = TrackerCategoryViewController.swift; sourceTree = "<group>"; };
		96E3168A2A40556500C08032 /* TrackerCategoryViewModel.swift */ = {isa = PBXFileReference; lastKnownFileType = sourcecode.swift; path = TrackerCategoryViewModel.swift; sourceTree = "<group>"; };
		96E63F4629D732F700AA0970 /* UIColor+Extensions.swift */ = {isa = PBXFileReference; lastKnownFileType = sourcecode.swift; path = "UIColor+Extensions.swift"; sourceTree = "<group>"; };
		96E63F4C29D735D500AA0970 /* TabBarViewController.swift */ = {isa = PBXFileReference; lastKnownFileType = sourcecode.swift; path = TabBarViewController.swift; sourceTree = "<group>"; };
		96E63F5029D7360200AA0970 /* StatisticsViewController.swift */ = {isa = PBXFileReference; lastKnownFileType = sourcecode.swift; path = StatisticsViewController.swift; sourceTree = "<group>"; };
		96F7031729F9798B00BBFF5C /* ColorsCollectionViewCell.swift */ = {isa = PBXFileReference; lastKnownFileType = sourcecode.swift; path = ColorsCollectionViewCell.swift; sourceTree = "<group>"; };
		96F7032429FA44F900BBFF5C /* ColorsCollectionViewHelper.swift */ = {isa = PBXFileReference; lastKnownFileType = sourcecode.swift; path = ColorsCollectionViewHelper.swift; sourceTree = "<group>"; };
		96F7032829FA45A600BBFF5C /* EmojisCollectionViewCell.swift */ = {isa = PBXFileReference; fileEncoding = 4; lastKnownFileType = sourcecode.swift; path = EmojisCollectionViewCell.swift; sourceTree = "<group>"; };
		96F7038529FD1BEA00BBFF5C /* TrackersDataStore.swift */ = {isa = PBXFileReference; lastKnownFileType = sourcecode.swift; path = TrackersDataStore.swift; sourceTree = "<group>"; };
		96F7038729FD1BF100BBFF5C /* TrackersRecordDataStore.swift */ = {isa = PBXFileReference; lastKnownFileType = sourcecode.swift; path = TrackersRecordDataStore.swift; sourceTree = "<group>"; };
		96F7038929FD1BF800BBFF5C /* TrackersCategoryDataStore.swift */ = {isa = PBXFileReference; lastKnownFileType = sourcecode.swift; path = TrackersCategoryDataStore.swift; sourceTree = "<group>"; };
		96F7038D29FD1CCE00BBFF5C /* Tracker.xcdatamodel */ = {isa = PBXFileReference; lastKnownFileType = wrapper.xcdatamodel; path = Tracker.xcdatamodel; sourceTree = "<group>"; };
		96F703A029FE95B100BBFF5C /* TrackersDataProvider.swift */ = {isa = PBXFileReference; lastKnownFileType = sourcecode.swift; path = TrackersDataProvider.swift; sourceTree = "<group>"; };
		96F703A229FEA4C100BBFF5C /* PersistentContainerCreater.swift */ = {isa = PBXFileReference; lastKnownFileType = sourcecode.swift; path = PersistentContainerCreater.swift; sourceTree = "<group>"; };
		96F703A429FEB56700BBFF5C /* TrackerRecordCoreData.swift */ = {isa = PBXFileReference; lastKnownFileType = sourcecode.swift; path = TrackerRecordCoreData.swift; sourceTree = "<group>"; };
		96F703A629FEB56700BBFF5C /* TrackerCategoryCoreData.swift */ = {isa = PBXFileReference; lastKnownFileType = sourcecode.swift; path = TrackerCategoryCoreData.swift; sourceTree = "<group>"; };
		FC38385DBB15E387BAE25701 /* Pods-Tracker.debug.xcconfig */ = {isa = PBXFileReference; includeInIndex = 1; lastKnownFileType = text.xcconfig; name = "Pods-Tracker.debug.xcconfig"; path = "Target Support Files/Pods-Tracker/Pods-Tracker.debug.xcconfig"; sourceTree = "<group>"; };
/* End PBXFileReference section */

/* Begin PBXFrameworksBuildPhase section */
		96251DDF2A5FA84000E13596 /* Frameworks */ = {
			isa = PBXFrameworksBuildPhase;
			buildActionMask = 2147483647;
			files = (
				96251DF22A5FA8C600E13596 /* SnapshotTesting in Frameworks */,
			);
			runOnlyForDeploymentPostprocessing = 0;
		};
		9629563029CD846900A587C5 /* Frameworks */ = {
			isa = PBXFrameworksBuildPhase;
			buildActionMask = 2147483647;
			files = (
				96816CDD2A5D6FAE003795A4 /* RswiftLibrary in Frameworks */,
				F55FF040B209D48E83A1DF60 /* Pods_Tracker.framework in Frameworks */,
			);
			runOnlyForDeploymentPostprocessing = 0;
		};
/* End PBXFrameworksBuildPhase section */

/* Begin PBXGroup section */
		828EACE2614A147D291A495B /* Pods */ = {
			isa = PBXGroup;
			children = (
				FC38385DBB15E387BAE25701 /* Pods-Tracker.debug.xcconfig */,
				114C57EBD368DB92101796D7 /* Pods-Tracker.release.xcconfig */,
			);
			path = Pods;
			sourceTree = "<group>";
		};
		9602B0F529D9DCF900FD66D2 /* CollectionView */ = {
			isa = PBXGroup;
			children = (
				969BE48229DE88A90056D813 /* Cell */,
				9617C95E29DB0CF70054987D /* TrackersViewPresenterCollectionHelper.swift */,
			);
			path = CollectionView;
			sourceTree = "<group>";
		};
		9617C95929DAE5820054987D /* Trackers */ = {
			isa = PBXGroup;
			children = (
				9617C95729DAE11E0054987D /* TrackerRecord.swift */,
				9617C95529DAE1090054987D /* TrackerCategory.swift */,
				9617C95329DAE0F90054987D /* Tracker.swift */,
			);
			path = Trackers;
			sourceTree = "<group>";
		};
		9617C96029DB10320054987D /* Services */ = {
			isa = PBXGroup;
			children = (
				969CDB822A583B2B001EDB8B /* TrackersCategory */,
				969CDB812A583B24001EDB8B /* TrackersRecord */,
				96A606DC2A3C8F9D007C5262 /* Trackers */,
				96C7E76429E65ED200BA7F67 /* AlertPresenterService.swift */,
				96A606DD2A3C8FBC007C5262 /* FirstLaunchService.swift */,
			);
			path = Services;
			sourceTree = "<group>";
		};
		96251DE32A5FA84000E13596 /* TrackerUITests */ = {
			isa = PBXGroup;
			children = (
				96251DE42A5FA84000E13596 /* TrackerUITests.swift */,
				96251DE62A5FA84000E13596 /* TrackerUITestsLaunchTests.swift */,
			);
			path = TrackerUITests;
			sourceTree = "<group>";
		};
		9629562A29CD846900A587C5 = {
			isa = PBXGroup;
			children = (
				9629563529CD846900A587C5 /* Tracker */,
				96251DE32A5FA84000E13596 /* TrackerUITests */,
				9629563429CD846900A587C5 /* Products */,
				828EACE2614A147D291A495B /* Pods */,
				A0CCAE3E943307C2E22B511C /* Frameworks */,
			);
			sourceTree = "<group>";
		};
		9629563429CD846900A587C5 /* Products */ = {
			isa = PBXGroup;
			children = (
				9629563329CD846900A587C5 /* Tracker.app */,
				96251DE22A5FA84000E13596 /* TrackerUITests.xctest */,
			);
			name = Products;
			sourceTree = "<group>";
		};
		9629563529CD846900A587C5 /* Tracker */ = {
			isa = PBXGroup;
			children = (
				96816CE22A5D723A003795A4 /* Resources */,
				96F7038229FD1A0C00BBFF5C /* Domain */,
				96E63F4529D732E500AA0970 /* Helpers */,
				96526ADC29D4A52900329D34 /* Models */,
				96526ADB29D4A51F00329D34 /* Presentation */,
				9629563629CD846900A587C5 /* AppDelegate.swift */,
				9629563829CD846900A587C5 /* SceneDelegate.swift */,
				9629564129CD846B00A587C5 /* LaunchScreen.storyboard */,
				9629564429CD846B00A587C5 /* Info.plist */,
			);
			path = Tracker;
			sourceTree = "<group>";
		};
		96526ADB29D4A51F00329D34 /* Presentation */ = {
			isa = PBXGroup;
			children = (
				968A7E6B2A1E1F50007D75A5 /* Onboarding */,
				96F7032D29FA7A5200BBFF5C /* CustomViews */,
				96C7E76F29E917E700BA7F67 /* TrackerAdding */,
				96C7E76C29E802BE00BA7F67 /* TrackerType */,
				96E63F4F29D735E800AA0970 /* Statistics */,
				96E63F4E29D735D900AA0970 /* Trackers */,
				96E63F4B29D735B100AA0970 /* TabBarController */,
			);
			path = Presentation;
			sourceTree = "<group>";
		};
		96526ADC29D4A52900329D34 /* Models */ = {
			isa = PBXGroup;
			children = (
				96C7E76629E65F2C00BA7F67 /* AlertModel */,
				9617C95929DAE5820054987D /* Trackers */,
				9617C95A29DAE5920054987D /* WeekDay.swift */,
			);
			path = Models;
			sourceTree = "<group>";
		};
		9654A96E29ED70E600B4A718 /* TrackerTitleTextField */ = {
			isa = PBXGroup;
			children = (
				9654A96F29ED710500B4A718 /* TrackerTitleTextFieldHelper.swift */,
			);
			path = TrackerTitleTextField;
			sourceTree = "<group>";
		};
		9654A97129EE605400B4A718 /* Constants */ = {
			isa = PBXGroup;
			children = (
				9617C96129DC77620054987D /* TrackerCollectionViewConstants.swift */,
				9654A97229EE606500B4A718 /* TrackerScheduleConstants.swift */,
				96A606D82A3C4D34007C5262 /* OnboardingConstants.swift */,
			);
			path = Constants;
			sourceTree = "<group>";
		};
		9654A97629EE868800B4A718 /* ScheduleTableView */ = {
			isa = PBXGroup;
			children = (
				9654A97729EE869B00B4A718 /* TrackerScheduleTableViewHelper.swift */,
				9654A97B29EE921300B4A718 /* TrackerScheduleTableViewCell.swift */,
			);
			path = ScheduleTableView;
			sourceTree = "<group>";
		};
		966DD3AE29E9BA8600296CDF /* TrackerOptionsTableView */ = {
			isa = PBXGroup;
			children = (
				966DD3B029E9BACE00296CDF /* TrackerOptionsTableViewCell.swift */,
				966DD3B629E9BF6A00296CDF /* TrackerOptionsTableViewHelper.swift */,
			);
			path = TrackerOptionsTableView;
			sourceTree = "<group>";
		};
		966DD3B429E9BB3C00296CDF /* CustomViews */ = {
			isa = PBXGroup;
			children = (
				96C7E77229E92B6D00BA7F67 /* TrackerCustomTextField.swift */,
			);
			path = CustomViews;
			sourceTree = "<group>";
		};
		966DD3B529E9BB5300296CDF /* CustomViews */ = {
			isa = PBXGroup;
			children = (
				9617C96A29DD88860054987D /* CompleteTrackerButton.swift */,
				9602B0F129D967BB00FD66D2 /* TrackerPlaceholderView.swift */,
			);
			path = CustomViews;
			sourceTree = "<group>";
		};
		966DD3BA29EA74A900296CDF /* TrackerSchedule */ = {
			isa = PBXGroup;
			children = (
				9654A97629EE868800B4A718 /* ScheduleTableView */,
				966DD3BB29EA75AA00296CDF /* TrackerScheduleViewController.swift */,
				9654A97429EE85C600B4A718 /* TrackerSchedulePresenter.swift */,
			);
			path = TrackerSchedule;
			sourceTree = "<group>";
		};
		96816CE22A5D723A003795A4 /* Resources */ = {
			isa = PBXGroup;
			children = (
				967A698B2A55808500224970 /* Colors.xcassets */,
				9629563F29CD846B00A587C5 /* Assets.xcassets */,
				966C65E82A5D7CB8007D575B /* Localizable.strings */,
				966C65F42A5EA679007D575B /* Localizable.stringsdict */,
			);
			path = Resources;
			sourceTree = "<group>";
		};
		9686FA5729E2826C00BE2BC0 /* SearchController */ = {
			isa = PBXGroup;
			children = (
				9686FA5829E2829500BE2BC0 /* TrackersViewPresenterSearchControllerHelper.swift */,
			);
			path = SearchController;
			sourceTree = "<group>";
		};
		968A7E6B2A1E1F50007D75A5 /* Onboarding */ = {
			isa = PBXGroup;
			children = (
				968A7E752A1E2378007D75A5 /* Helpers */,
				968A7E6E2A1E1FFE007D75A5 /* Pages */,
				968A7E6C2A1E1F88007D75A5 /* OnboardingViewController.swift */,
				968A7E732A1E21C2007D75A5 /* OnboardingViewPresenter.swift */,
				968C175E2A5B210800769FC3 /* OnboardingRouter.swift */,
			);
			path = Onboarding;
			sourceTree = "<group>";
		};
		968A7E6E2A1E1FFE007D75A5 /* Pages */ = {
			isa = PBXGroup;
			children = (
				968A7E6F2A1E2013007D75A5 /* OnboardingPageViewController.swift */,
			);
			path = Pages;
			sourceTree = "<group>";
		};
		968A7E752A1E2378007D75A5 /* Helpers */ = {
			isa = PBXGroup;
			children = (
				968A7E762A1E238A007D75A5 /* OnboardingViewControllerHelper.swift */,
			);
			path = Helpers;
			sourceTree = "<group>";
		};
		969BE48229DE88A90056D813 /* Cell */ = {
			isa = PBXGroup;
			children = (
				9602B0F629D9DD1600FD66D2 /* TrackersCollectionViewCell.swift */,
			);
			path = Cell;
			sourceTree = "<group>";
		};
		969CDB712A57F60A001EDB8B /* Factories */ = {
			isa = PBXGroup;
			children = (
				969CDB722A57F615001EDB8B /* TrackersFactory.swift */,
				969CDB892A58447B001EDB8B /* TrackersCategoryFactory.swift */,
			);
			path = Factories;
			sourceTree = "<group>";
		};
		969CDB762A582106001EDB8B /* DataProviders */ = {
			isa = PBXGroup;
			children = (
				96F703A029FE95B100BBFF5C /* TrackersDataProvider.swift */,
				969CDB772A58211D001EDB8B /* TrackersCategoryDataProvider.swift */,
			);
			path = DataProviders;
			sourceTree = "<group>";
		};
		969CDB792A582286001EDB8B /* Trackers */ = {
			isa = PBXGroup;
			children = (
				969CDB7A2A5822C5001EDB8B /* TrackersDataAdder.swift */,
				969CDB7C2A5822CD001EDB8B /* TrackersDataCompleter.swift */,
			);
			path = Trackers;
			sourceTree = "<group>";
		};
		969CDB7E2A58382B001EDB8B /* TrackersRecord */ = {
			isa = PBXGroup;
			children = (
				969CDB7F2A583885001EDB8B /* TrackersRecordDataFetcher.swift */,
			);
			path = TrackersRecord;
			sourceTree = "<group>";
		};
		969CDB812A583B24001EDB8B /* TrackersRecord */ = {
			isa = PBXGroup;
			children = (
				969CDB872A583B93001EDB8B /* TrackersRecordService.swift */,
			);
			path = TrackersRecord;
			sourceTree = "<group>";
		};
		969CDB822A583B2B001EDB8B /* TrackersCategory */ = {
			isa = PBXGroup;
			children = (
				969CDB8B2A58713E001EDB8B /* TrackersCategoryAddingService.swift */,
				96A606DA2A3C8D9F007C5262 /* TrackersCategoryService.swift */,
			);
			path = TrackersCategory;
			sourceTree = "<group>";
		};
		969CDB8D2A587153001EDB8B /* TrackersCategory */ = {
			isa = PBXGroup;
			children = (
				969CDB8E2A587166001EDB8B /* TrackersCategoryDataAdder.swift */,
			);
			path = TrackersCategory;
			sourceTree = "<group>";
		};
		96A606DC2A3C8F9D007C5262 /* Trackers */ = {
			isa = PBXGroup;
			children = (
				969BE48329DFBE9A0056D813 /* TrackersService.swift */,
				969CDB832A583B70001EDB8B /* TrackersAddingService.swift */,
				969CDB852A583B7E001EDB8B /* TrackersCompletingService.swift */,
			);
			path = Trackers;
			sourceTree = "<group>";
		};
		96C7E76629E65F2C00BA7F67 /* AlertModel */ = {
			isa = PBXGroup;
			children = (
				96C7E76729E65F3500BA7F67 /* AlertModel.swift */,
			);
			path = AlertModel;
			sourceTree = "<group>";
		};
		96C7E76C29E802BE00BA7F67 /* TrackerType */ = {
			isa = PBXGroup;
			children = (
				96C7E76D29E802D800BA7F67 /* TrackerTypeViewController.swift */,
				968C17622A5BAF4700769FC3 /* TrackerTypeRouter.swift */,
				968C17642A5BAF5400769FC3 /* TrackerTypePresenter.swift */,
			);
			path = TrackerType;
			sourceTree = "<group>";
		};
		96C7E76F29E917E700BA7F67 /* TrackerAdding */ = {
			isa = PBXGroup;
			children = (
				96CE2ABF2A4098A9002A08F0 /* TrackerNewCategory */,
				96E316872A40517000C08032 /* TrackerCategory */,
				96E316862A40514000C08032 /* TrackerAdding */,
				966DD3BA29EA74A900296CDF /* TrackerSchedule */,
				966DD3B429E9BB3C00296CDF /* CustomViews */,
			);
			path = TrackerAdding;
			sourceTree = "<group>";
		};
		96CE2ABF2A4098A9002A08F0 /* TrackerNewCategory */ = {
			isa = PBXGroup;
			children = (
				969CDB6D2A57E0F8001EDB8B /* TrackerNewCategoryViewModel.swift */,
				969CDB6F2A57E109001EDB8B /* TrackerNewCategoryViewController.swift */,
			);
			path = TrackerNewCategory;
			sourceTree = "<group>";
		};
		96CE2AC02A409B62002A08F0 /* TrackerCategoryTableView */ = {
			isa = PBXGroup;
			children = (
				96CE2AC22A409B8A002A08F0 /* TrackerCategoryTableViewHelper.swift */,
				96CE2AC52A409BCA002A08F0 /* TrackerCategoryTableViewCell.swift */,
			);
			path = TrackerCategoryTableView;
			sourceTree = "<group>";
		};
		96CE2ACC2A41A39D002A08F0 /* UI */ = {
			isa = PBXGroup;
			children = (
				967A69892A557E8000224970 /* UIFont+Extensions.swift */,
				96BAA8A52A02B1D000513D83 /* UIColorMarshalling.swift */,
				966DD3B829EA62F600296CDF /* UITableView+LastCellIndexPath.swift */,
				9617C96529DD77180054987D /* Device.swift */,
				967A69872A556E1400224970 /* UICollectionViewCell+reuseIdentifier.swift */,
				969509B42A21D0DC00DC1DF3 /* UIImage+Extensions.swift */,
				96CE2ACA2A41A38E002A08F0 /* UITableViewCell+Extensions.swift */,
				969CDB6B2A57CFD6001EDB8B /* UIEdgeInsets+TableViewSeparatorInsets.swift */,
				96E63F4629D732F700AA0970 /* UIColor+Extensions.swift */,
				9654A97129EE605400B4A718 /* Constants */,
			);
			path = UI;
			sourceTree = "<group>";
		};
		96E316862A40514000C08032 /* TrackerAdding */ = {
			isa = PBXGroup;
			children = (
				966DD3B229E9BB2800296CDF /* TrackerAddingViewPresenter.swift */,
				968C17602A5BAB8000769FC3 /* TrackerAddingRouter.swift */,
				96C7E77029E9186B00BA7F67 /* TrackerAddingViewController.swift */,
				966DD3AE29E9BA8600296CDF /* TrackerOptionsTableView */,
				9654A96E29ED70E600B4A718 /* TrackerTitleTextField */,
				96F7031329F9795500BBFF5C /* TrackerAddingCollectionViews */,
			);
			path = TrackerAdding;
			sourceTree = "<group>";
		};
		96E316872A40517000C08032 /* TrackerCategory */ = {
			isa = PBXGroup;
			children = (
				96CE2AC02A409B62002A08F0 /* TrackerCategoryTableView */,
				96E316882A40519D00C08032 /* TrackerCategoryViewController.swift */,
				96E3168A2A40556500C08032 /* TrackerCategoryViewModel.swift */,
				968C175C2A5B151000769FC3 /* TrackerCategoryRouter.swift */,
			);
			path = TrackerCategory;
			sourceTree = "<group>";
		};
		96E63F4529D732E500AA0970 /* Helpers */ = {
			isa = PBXGroup;
			children = (
				96CE2ACC2A41A39D002A08F0 /* UI */,
				96C7E76929E7039500BA7F67 /* Array+SafeSubscript.swift */,
				9661855229F1746E0003C57A /* Date+Extensions.swift */,
				96E067812A00252D000AC4C8 /* String+WeekDay.swift */,
				9671FA972A5EEA460066EB41 /* YandexMetricaConfiguration.swift */,
			);
			path = Helpers;
			sourceTree = "<group>";
		};
		96E63F4B29D735B100AA0970 /* TabBarController */ = {
			isa = PBXGroup;
			children = (
				96E63F4C29D735D500AA0970 /* TabBarViewController.swift */,
			);
			path = TabBarController;
			sourceTree = "<group>";
		};
		96E63F4E29D735D900AA0970 /* Trackers */ = {
			isa = PBXGroup;
			children = (
				966DD3B529E9BB5300296CDF /* CustomViews */,
				9686FA5729E2826C00BE2BC0 /* SearchController */,
				9602B0F529D9DCF900FD66D2 /* CollectionView */,
				9629563A29CD846900A587C5 /* TrackersViewController.swift */,
				9602B0EE29D9626200FD66D2 /* TrackersViewPresenter.swift */,
				968C17662A5BC23400769FC3 /* TrackersViewRouter.swift */,
			);
			path = Trackers;
			sourceTree = "<group>";
		};
		96E63F4F29D735E800AA0970 /* Statistics */ = {
			isa = PBXGroup;
			children = (
				96E63F5029D7360200AA0970 /* StatisticsViewController.swift */,
			);
			path = Statistics;
			sourceTree = "<group>";
		};
		96F7031329F9795500BBFF5C /* TrackerAddingCollectionViews */ = {
			isa = PBXGroup;
			children = (
				96F7032A29FA45AA00BBFF5C /* EmojisCollectionView */,
				96F7031E29F979CD00BBFF5C /* ColorsCollectionView */,
			);
			path = TrackerAddingCollectionViews;
			sourceTree = "<group>";
		};
		96F7031E29F979CD00BBFF5C /* ColorsCollectionView */ = {
			isa = PBXGroup;
			children = (
				96F7031729F9798B00BBFF5C /* ColorsCollectionViewCell.swift */,
				96F7032429FA44F900BBFF5C /* ColorsCollectionViewHelper.swift */,
			);
			path = ColorsCollectionView;
			sourceTree = "<group>";
		};
		96F7032A29FA45AA00BBFF5C /* EmojisCollectionView */ = {
			isa = PBXGroup;
			children = (
				96530B832A3F2DD000929597 /* EmojisCollectionViewHelper.swift */,
				96F7032829FA45A600BBFF5C /* EmojisCollectionViewCell.swift */,
			);
			path = EmojisCollectionView;
			sourceTree = "<group>";
		};
		96F7032D29FA7A5200BBFF5C /* CustomViews */ = {
			isa = PBXGroup;
			children = (
				9617C96C29DDCCE30054987D /* TrackersCollectionSectionHeader.swift */,
				966DD3BD29EA7EEA00296CDF /* TrackerCustomButton.swift */,
				96CE2AC72A40C6C7002A08F0 /* CellSelectedBackgroundView.swift */,
			);
			path = CustomViews;
			sourceTree = "<group>";
		};
		96F7038229FD1A0C00BBFF5C /* Domain */ = {
			isa = PBXGroup;
			children = (
				969CDB712A57F60A001EDB8B /* Factories */,
				96F7038329FD1A1400BBFF5C /* CoreData */,
				9617C96029DB10320054987D /* Services */,
			);
			path = Domain;
			sourceTree = "<group>";
		};
		96F7038329FD1A1400BBFF5C /* CoreData */ = {
			isa = PBXGroup;
			children = (
				969CDB8D2A587153001EDB8B /* TrackersCategory */,
				969CDB7E2A58382B001EDB8B /* TrackersRecord */,
				969CDB792A582286001EDB8B /* Trackers */,
				969CDB762A582106001EDB8B /* DataProviders */,
				96F7038B29FD1CBF00BBFF5C /* Model */,
				96F7038429FD1BE200BBFF5C /* Stores */,
				96F703A229FEA4C100BBFF5C /* PersistentContainerCreater.swift */,
			);
			path = CoreData;
			sourceTree = "<group>";
		};
		96F7038429FD1BE200BBFF5C /* Stores */ = {
			isa = PBXGroup;
			children = (
				96F7038529FD1BEA00BBFF5C /* TrackersDataStore.swift */,
				96F7038729FD1BF100BBFF5C /* TrackersRecordDataStore.swift */,
				96F7038929FD1BF800BBFF5C /* TrackersCategoryDataStore.swift */,
			);
			path = Stores;
			sourceTree = "<group>";
		};
		96F7038B29FD1CBF00BBFF5C /* Model */ = {
			isa = PBXGroup;
			children = (
				96F7038F29FD1D7E00BBFF5C /* CoreDataClasses */,
				96F7038C29FD1CCE00BBFF5C /* Tracker.xcdatamodeld */,
			);
			path = Model;
			sourceTree = "<group>";
		};
		96F7038F29FD1D7E00BBFF5C /* CoreDataClasses */ = {
			isa = PBXGroup;
			children = (
				96F703A429FEB56700BBFF5C /* TrackerRecordCoreData.swift */,
				96F703A629FEB56700BBFF5C /* TrackerCategoryCoreData.swift */,
				96E067832A00273F000AC4C8 /* TrackerCoreData.swift */,
			);
			path = CoreDataClasses;
			sourceTree = "<group>";
		};
		A0CCAE3E943307C2E22B511C /* Frameworks */ = {
			isa = PBXGroup;
			children = (
				6857DDF4FACDF19754C7E211 /* Pods_Tracker.framework */,
			);
			name = Frameworks;
			sourceTree = "<group>";
		};
/* End PBXGroup section */

/* Begin PBXNativeTarget section */
		96251DE12A5FA84000E13596 /* TrackerUITests */ = {
			isa = PBXNativeTarget;
			buildConfigurationList = 96251DEA2A5FA84000E13596 /* Build configuration list for PBXNativeTarget "TrackerUITests" */;
			buildPhases = (
				96251DDE2A5FA84000E13596 /* Sources */,
				96251DDF2A5FA84000E13596 /* Frameworks */,
				96251DE02A5FA84000E13596 /* Resources */,
			);
			buildRules = (
			);
			dependencies = (
				96251DE92A5FA84000E13596 /* PBXTargetDependency */,
			);
			name = TrackerUITests;
			packageProductDependencies = (
				96251DF12A5FA8C600E13596 /* SnapshotTesting */,
			);
			productName = TrackerUITests;
			productReference = 96251DE22A5FA84000E13596 /* TrackerUITests.xctest */;
			productType = "com.apple.product-type.bundle.ui-testing";
		};
		9629563229CD846900A587C5 /* Tracker */ = {
			isa = PBXNativeTarget;
			buildConfigurationList = 9629564729CD846B00A587C5 /* Build configuration list for PBXNativeTarget "Tracker" */;
			buildPhases = (
				362BED90C50417C13935EBB6 /* [CP] Check Pods Manifest.lock */,
				9629562F29CD846900A587C5 /* Sources */,
				9629563029CD846900A587C5 /* Frameworks */,
				9629563129CD846900A587C5 /* Resources */,
				7F155B2F0E281A85E3348888 /* [CP] Embed Pods Frameworks */,
			);
			buildRules = (
			);
			dependencies = (
				96816CDF2A5D6FD5003795A4 /* PBXTargetDependency */,
			);
			name = Tracker;
			packageProductDependencies = (
				96816CDC2A5D6FAE003795A4 /* RswiftLibrary */,
			);
			productName = Tracker;
			productReference = 9629563329CD846900A587C5 /* Tracker.app */;
			productType = "com.apple.product-type.application";
		};
/* End PBXNativeTarget section */

/* Begin PBXProject section */
		9629562B29CD846900A587C5 /* Project object */ = {
			isa = PBXProject;
			attributes = {
				BuildIndependentTargetsInParallel = 1;
				LastSwiftUpdateCheck = 1430;
				LastUpgradeCheck = 1420;
				TargetAttributes = {
					96251DE12A5FA84000E13596 = {
						CreatedOnToolsVersion = 14.3.1;
						TestTargetID = 9629563229CD846900A587C5;
					};
					9629563229CD846900A587C5 = {
						CreatedOnToolsVersion = 14.2;
					};
				};
			};
			buildConfigurationList = 9629562E29CD846900A587C5 /* Build configuration list for PBXProject "Tracker" */;
			compatibilityVersion = "Xcode 14.0";
			developmentRegion = ru;
			hasScannedForEncodings = 0;
			knownRegions = (
				Base,
				ru,
				de,
				en,
			);
			mainGroup = 9629562A29CD846900A587C5;
			packageReferences = (
				96816CDB2A5D6FAE003795A4 /* XCRemoteSwiftPackageReference "R" */,
				96251DF02A5FA8C600E13596 /* XCRemoteSwiftPackageReference "swift-snapshot-testing" */,
			);
			productRefGroup = 9629563429CD846900A587C5 /* Products */;
			projectDirPath = "";
			projectRoot = "";
			targets = (
				9629563229CD846900A587C5 /* Tracker */,
				96251DE12A5FA84000E13596 /* TrackerUITests */,
			);
		};
/* End PBXProject section */

/* Begin PBXResourcesBuildPhase section */
		96251DE02A5FA84000E13596 /* Resources */ = {
			isa = PBXResourcesBuildPhase;
			buildActionMask = 2147483647;
			files = (
			);
			runOnlyForDeploymentPostprocessing = 0;
		};
		9629563129CD846900A587C5 /* Resources */ = {
			isa = PBXResourcesBuildPhase;
			buildActionMask = 2147483647;
			files = (
				967A698C2A55808500224970 /* Colors.xcassets in Resources */,
				966C65E62A5D7CB8007D575B /* Localizable.strings in Resources */,
				9629564329CD846B00A587C5 /* LaunchScreen.storyboard in Resources */,
				966C65F22A5EA679007D575B /* Localizable.stringsdict in Resources */,
				9629564029CD846B00A587C5 /* Assets.xcassets in Resources */,
			);
			runOnlyForDeploymentPostprocessing = 0;
		};
/* End PBXResourcesBuildPhase section */

/* Begin PBXShellScriptBuildPhase section */
		362BED90C50417C13935EBB6 /* [CP] Check Pods Manifest.lock */ = {
			isa = PBXShellScriptBuildPhase;
			buildActionMask = 2147483647;
			files = (
			);
			inputFileListPaths = (
			);
			inputPaths = (
				"${PODS_PODFILE_DIR_PATH}/Podfile.lock",
				"${PODS_ROOT}/Manifest.lock",
			);
			name = "[CP] Check Pods Manifest.lock";
			outputFileListPaths = (
			);
			outputPaths = (
				"$(DERIVED_FILE_DIR)/Pods-Tracker-checkManifestLockResult.txt",
			);
			runOnlyForDeploymentPostprocessing = 0;
			shellPath = /bin/sh;
			shellScript = "diff \"${PODS_PODFILE_DIR_PATH}/Podfile.lock\" \"${PODS_ROOT}/Manifest.lock\" > /dev/null\nif [ $? != 0 ] ; then\n    # print error to STDERR\n    echo \"error: The sandbox is not in sync with the Podfile.lock. Run 'pod install' or update your CocoaPods installation.\" >&2\n    exit 1\nfi\n# This output is used by Xcode 'outputs' to avoid re-running this script phase.\necho \"SUCCESS\" > \"${SCRIPT_OUTPUT_FILE_0}\"\n";
			showEnvVarsInLog = 0;
		};
		7F155B2F0E281A85E3348888 /* [CP] Embed Pods Frameworks */ = {
			isa = PBXShellScriptBuildPhase;
			buildActionMask = 2147483647;
			files = (
			);
			inputFileListPaths = (
				"${PODS_ROOT}/Target Support Files/Pods-Tracker/Pods-Tracker-frameworks-${CONFIGURATION}-input-files.xcfilelist",
			);
			name = "[CP] Embed Pods Frameworks";
			outputFileListPaths = (
				"${PODS_ROOT}/Target Support Files/Pods-Tracker/Pods-Tracker-frameworks-${CONFIGURATION}-output-files.xcfilelist",
			);
			runOnlyForDeploymentPostprocessing = 0;
			shellPath = /bin/sh;
			shellScript = "\"${PODS_ROOT}/Target Support Files/Pods-Tracker/Pods-Tracker-frameworks.sh\"\n";
			showEnvVarsInLog = 0;
		};
/* End PBXShellScriptBuildPhase section */

/* Begin PBXSourcesBuildPhase section */
		96251DDE2A5FA84000E13596 /* Sources */ = {
			isa = PBXSourcesBuildPhase;
			buildActionMask = 2147483647;
			files = (
				96251DE52A5FA84000E13596 /* TrackerUITests.swift in Sources */,
				96251DE72A5FA84000E13596 /* TrackerUITestsLaunchTests.swift in Sources */,
			);
			runOnlyForDeploymentPostprocessing = 0;
		};
		9629562F29CD846900A587C5 /* Sources */ = {
			isa = PBXSourcesBuildPhase;
			buildActionMask = 2147483647;
			files = (
				96F703AA29FEB56700BBFF5C /* TrackerRecordCoreData.swift in Sources */,
				969CDB862A583B7E001EDB8B /* TrackersCompletingService.swift in Sources */,
				96C7E77129E9186B00BA7F67 /* TrackerAddingViewController.swift in Sources */,
				9654A97029ED710500B4A718 /* TrackerTitleTextFieldHelper.swift in Sources */,
				966DD3B329E9BB2800296CDF /* TrackerAddingViewPresenter.swift in Sources */,
				968C17612A5BAB8000769FC3 /* TrackerAddingRouter.swift in Sources */,
				967A698A2A557E8000224970 /* UIFont+Extensions.swift in Sources */,
				966DD3BE29EA7EEA00296CDF /* TrackerCustomButton.swift in Sources */,
				96530B842A3F2DD000929597 /* EmojisCollectionViewHelper.swift in Sources */,
				96F7038E29FD1CCE00BBFF5C /* Tracker.xcdatamodeld in Sources */,
				9602B0F229D967BB00FD66D2 /* TrackerPlaceholderView.swift in Sources */,
				96E067852A00273F000AC4C8 /* TrackerCoreData.swift in Sources */,
				96F7038629FD1BEA00BBFF5C /* TrackersDataStore.swift in Sources */,
				9654A97529EE85C600B4A718 /* TrackerSchedulePresenter.swift in Sources */,
				969CDB702A57E109001EDB8B /* TrackerNewCategoryViewController.swift in Sources */,
				9629563B29CD846900A587C5 /* TrackersViewController.swift in Sources */,
				9617C95429DAE0F90054987D /* Tracker.swift in Sources */,
				9629563729CD846900A587C5 /* AppDelegate.swift in Sources */,
				96E3168B2A40556500C08032 /* TrackerCategoryViewModel.swift in Sources */,
				96CE2AC82A40C6C7002A08F0 /* CellSelectedBackgroundView.swift in Sources */,
				96C7E76A29E7039500BA7F67 /* Array+SafeSubscript.swift in Sources */,
				966DD3B129E9BACE00296CDF /* TrackerOptionsTableViewCell.swift in Sources */,
				9654A97829EE869B00B4A718 /* TrackerScheduleTableViewHelper.swift in Sources */,
				9602B0EF29D9626200FD66D2 /* TrackersViewPresenter.swift in Sources */,
				968C17652A5BAF5400769FC3 /* TrackerTypePresenter.swift in Sources */,
				969BE48429DFBE9A0056D813 /* TrackersService.swift in Sources */,
				969CDB782A58211D001EDB8B /* TrackersCategoryDataProvider.swift in Sources */,
				966DD3BC29EA75AA00296CDF /* TrackerScheduleViewController.swift in Sources */,
				96F703A129FE95B100BBFF5C /* TrackersDataProvider.swift in Sources */,
				968C175D2A5B151000769FC3 /* TrackerCategoryRouter.swift in Sources */,
				967A69882A556E1400224970 /* UICollectionViewCell+reuseIdentifier.swift in Sources */,
				9617C95829DAE11E0054987D /* TrackerRecord.swift in Sources */,
				969CDB7D2A5822CD001EDB8B /* TrackersDataCompleter.swift in Sources */,
				9602B0F729D9DD1600FD66D2 /* TrackersCollectionViewCell.swift in Sources */,
				96CE2AC62A409BCA002A08F0 /* TrackerCategoryTableViewCell.swift in Sources */,
				96C7E76529E65ED200BA7F67 /* AlertPresenterService.swift in Sources */,
				96A606D92A3C4D34007C5262 /* OnboardingConstants.swift in Sources */,
				969CDB8A2A58447B001EDB8B /* TrackersCategoryFactory.swift in Sources */,
				9661855329F1746E0003C57A /* Date+Extensions.swift in Sources */,
				968A7E702A1E2013007D75A5 /* OnboardingPageViewController.swift in Sources */,
				969CDB6C2A57CFD6001EDB8B /* UIEdgeInsets+TableViewSeparatorInsets.swift in Sources */,
				9617C96B29DD88860054987D /* CompleteTrackerButton.swift in Sources */,
				969509B52A21D0DC00DC1DF3 /* UIImage+Extensions.swift in Sources */,
				9617C96629DD77180054987D /* Device.swift in Sources */,
				96C7E77329E92B6D00BA7F67 /* TrackerCustomTextField.swift in Sources */,
				969CDB8F2A587166001EDB8B /* TrackersCategoryDataAdder.swift in Sources */,
				9617C96229DC77620054987D /* TrackerCollectionViewConstants.swift in Sources */,
				96E316892A40519D00C08032 /* TrackerCategoryViewController.swift in Sources */,
				9617C95B29DAE5920054987D /* WeekDay.swift in Sources */,
				969CDB7B2A5822C5001EDB8B /* TrackersDataAdder.swift in Sources */,
				96F703AC29FEB56700BBFF5C /* TrackerCategoryCoreData.swift in Sources */,
				968A7E6D2A1E1F88007D75A5 /* OnboardingViewController.swift in Sources */,
				9686FA5929E2829500BE2BC0 /* TrackersViewPresenterSearchControllerHelper.swift in Sources */,
				969CDB732A57F615001EDB8B /* TrackersFactory.swift in Sources */,
				969CDB8C2A58713E001EDB8B /* TrackersCategoryAddingService.swift in Sources */,
				969CDB6E2A57E0F8001EDB8B /* TrackerNewCategoryViewModel.swift in Sources */,
				96A606DB2A3C8D9F007C5262 /* TrackersCategoryService.swift in Sources */,
				96F7032529FA44F900BBFF5C /* ColorsCollectionViewHelper.swift in Sources */,
				968C175F2A5B210800769FC3 /* OnboardingRouter.swift in Sources */,
				9629563929CD846900A587C5 /* SceneDelegate.swift in Sources */,
				966DD3B729E9BF6A00296CDF /* TrackerOptionsTableViewHelper.swift in Sources */,
				96E067822A00252D000AC4C8 /* String+WeekDay.swift in Sources */,
				96E63F5129D7360200AA0970 /* StatisticsViewController.swift in Sources */,
				96F7038A29FD1BF800BBFF5C /* TrackersCategoryDataStore.swift in Sources */,
				968A7E742A1E21C2007D75A5 /* OnboardingViewPresenter.swift in Sources */,
				968C17632A5BAF4700769FC3 /* TrackerTypeRouter.swift in Sources */,
				96CE2AC32A409B8A002A08F0 /* TrackerCategoryTableViewHelper.swift in Sources */,
				968A7E772A1E238A007D75A5 /* OnboardingViewControllerHelper.swift in Sources */,
				9617C96D29DDCCE30054987D /* TrackersCollectionSectionHeader.swift in Sources */,
				96CE2ACB2A41A38E002A08F0 /* UITableViewCell+Extensions.swift in Sources */,
				96F7031829F9798B00BBFF5C /* ColorsCollectionViewCell.swift in Sources */,
				966DD3B929EA62F600296CDF /* UITableView+LastCellIndexPath.swift in Sources */,
				96E63F4D29D735D500AA0970 /* TabBarViewController.swift in Sources */,
				96E63F4729D732F700AA0970 /* UIColor+Extensions.swift in Sources */,
				9671FA982A5EEA460066EB41 /* YandexMetricaConfiguration.swift in Sources */,
				969CDB842A583B70001EDB8B /* TrackersAddingService.swift in Sources */,
				9654A97329EE606500B4A718 /* TrackerScheduleConstants.swift in Sources */,
				9654A97C29EE921300B4A718 /* TrackerScheduleTableViewCell.swift in Sources */,
				9617C95F29DB0CF70054987D /* TrackersViewPresenterCollectionHelper.swift in Sources */,
				969CDB802A583885001EDB8B /* TrackersRecordDataFetcher.swift in Sources */,
				96F7038829FD1BF100BBFF5C /* TrackersRecordDataStore.swift in Sources */,
				969CDB882A583B93001EDB8B /* TrackersRecordService.swift in Sources */,
				968C17672A5BC23400769FC3 /* TrackersViewRouter.swift in Sources */,
				96F703A329FEA4C100BBFF5C /* PersistentContainerCreater.swift in Sources */,
				96C7E76E29E802D800BA7F67 /* TrackerTypeViewController.swift in Sources */,
				96C7E76829E65F3500BA7F67 /* AlertModel.swift in Sources */,
				9617C95629DAE1090054987D /* TrackerCategory.swift in Sources */,
				96BAA8A62A02B1D000513D83 /* UIColorMarshalling.swift in Sources */,
				96F7032929FA45A600BBFF5C /* EmojisCollectionViewCell.swift in Sources */,
				96A606DE2A3C8FBC007C5262 /* FirstLaunchService.swift in Sources */,
			);
			runOnlyForDeploymentPostprocessing = 0;
		};
/* End PBXSourcesBuildPhase section */

/* Begin PBXTargetDependency section */
		96251DE92A5FA84000E13596 /* PBXTargetDependency */ = {
			isa = PBXTargetDependency;
			target = 9629563229CD846900A587C5 /* Tracker */;
			targetProxy = 96251DE82A5FA84000E13596 /* PBXContainerItemProxy */;
		};
		96816CDF2A5D6FD5003795A4 /* PBXTargetDependency */ = {
			isa = PBXTargetDependency;
			productRef = 96816CDE2A5D6FD5003795A4 /* RswiftGenerateInternalResources */;
		};
/* End PBXTargetDependency section */

/* Begin PBXVariantGroup section */
		9629564129CD846B00A587C5 /* LaunchScreen.storyboard */ = {
			isa = PBXVariantGroup;
			children = (
				9629564229CD846B00A587C5 /* Base */,
			);
			name = LaunchScreen.storyboard;
			sourceTree = "<group>";
		};
		966C65E82A5D7CB8007D575B /* Localizable.strings */ = {
			isa = PBXVariantGroup;
			children = (
				966C65E72A5D7CB8007D575B /* ru */,
				966C65E92A5D7CBB007D575B /* de */,
				966C65EA2A5D7CC9007D575B /* en */,
			);
			name = Localizable.strings;
			sourceTree = "<group>";
		};
		966C65F42A5EA679007D575B /* Localizable.stringsdict */ = {
			isa = PBXVariantGroup;
			children = (
				966C65F32A5EA679007D575B /* ru */,
				966C65F52A5EA67C007D575B /* en */,
				966C65F62A5EA67F007D575B /* de */,
			);
			name = Localizable.stringsdict;
			sourceTree = "<group>";
		};
/* End PBXVariantGroup section */

/* Begin XCBuildConfiguration section */
		96251DEB2A5FA84000E13596 /* Debug */ = {
			isa = XCBuildConfiguration;
			buildSettings = {
				CODE_SIGN_STYLE = Automatic;
				CURRENT_PROJECT_VERSION = 1;
				DEVELOPMENT_TEAM = G5T3Z588PS;
				GENERATE_INFOPLIST_FILE = YES;
				IPHONEOS_DEPLOYMENT_TARGET = 16.4;
				MARKETING_VERSION = 1.0;
				PRODUCT_BUNDLE_IDENTIFIER = ru.practicum.yandex.TrackerUITests;
				PRODUCT_NAME = "$(TARGET_NAME)";
				SUPPORTED_PLATFORMS = "iphoneos iphonesimulator";
				SUPPORTS_MACCATALYST = NO;
				SUPPORTS_MAC_DESIGNED_FOR_IPHONE_IPAD = NO;
				SWIFT_EMIT_LOC_STRINGS = NO;
				SWIFT_VERSION = 5.0;
				TARGETED_DEVICE_FAMILY = 1;
				TEST_TARGET_NAME = Tracker;
			};
			name = Debug;
		};
		96251DEC2A5FA84000E13596 /* Release */ = {
			isa = XCBuildConfiguration;
			buildSettings = {
				CODE_SIGN_STYLE = Automatic;
				CURRENT_PROJECT_VERSION = 1;
				DEVELOPMENT_TEAM = G5T3Z588PS;
				GENERATE_INFOPLIST_FILE = YES;
				IPHONEOS_DEPLOYMENT_TARGET = 16.4;
				MARKETING_VERSION = 1.0;
				PRODUCT_BUNDLE_IDENTIFIER = ru.practicum.yandex.TrackerUITests;
				PRODUCT_NAME = "$(TARGET_NAME)";
				SUPPORTED_PLATFORMS = "iphoneos iphonesimulator";
				SUPPORTS_MACCATALYST = NO;
				SUPPORTS_MAC_DESIGNED_FOR_IPHONE_IPAD = NO;
				SWIFT_EMIT_LOC_STRINGS = NO;
				SWIFT_VERSION = 5.0;
				TARGETED_DEVICE_FAMILY = 1;
				TEST_TARGET_NAME = Tracker;
			};
			name = Release;
		};
		9629564529CD846B00A587C5 /* Debug */ = {
			isa = XCBuildConfiguration;
			buildSettings = {
				ALWAYS_SEARCH_USER_PATHS = NO;
				CLANG_ANALYZER_LOCALIZABILITY_NONLOCALIZED = YES;
				CLANG_ANALYZER_NONNULL = YES;
				CLANG_ANALYZER_NUMBER_OBJECT_CONVERSION = YES_AGGRESSIVE;
				CLANG_CXX_LANGUAGE_STANDARD = "gnu++20";
				CLANG_ENABLE_MODULES = YES;
				CLANG_ENABLE_OBJC_ARC = YES;
				CLANG_ENABLE_OBJC_WEAK = YES;
				CLANG_WARN_BLOCK_CAPTURE_AUTORELEASING = YES;
				CLANG_WARN_BOOL_CONVERSION = YES;
				CLANG_WARN_COMMA = YES;
				CLANG_WARN_CONSTANT_CONVERSION = YES;
				CLANG_WARN_DEPRECATED_OBJC_IMPLEMENTATIONS = YES;
				CLANG_WARN_DIRECT_OBJC_ISA_USAGE = YES_ERROR;
				CLANG_WARN_DOCUMENTATION_COMMENTS = YES;
				CLANG_WARN_EMPTY_BODY = YES;
				CLANG_WARN_ENUM_CONVERSION = YES;
				CLANG_WARN_INFINITE_RECURSION = YES;
				CLANG_WARN_INT_CONVERSION = YES;
				CLANG_WARN_NON_LITERAL_NULL_CONVERSION = YES;
				CLANG_WARN_OBJC_IMPLICIT_RETAIN_SELF = YES;
				CLANG_WARN_OBJC_LITERAL_CONVERSION = YES;
				CLANG_WARN_OBJC_ROOT_CLASS = YES_ERROR;
				CLANG_WARN_QUOTED_INCLUDE_IN_FRAMEWORK_HEADER = YES;
				CLANG_WARN_RANGE_LOOP_ANALYSIS = YES;
				CLANG_WARN_STRICT_PROTOTYPES = YES;
				CLANG_WARN_SUSPICIOUS_MOVE = YES;
				CLANG_WARN_UNGUARDED_AVAILABILITY = YES_AGGRESSIVE;
				CLANG_WARN_UNREACHABLE_CODE = YES;
				CLANG_WARN__DUPLICATE_METHOD_MATCH = YES;
				COPY_PHASE_STRIP = NO;
				DEBUG_INFORMATION_FORMAT = dwarf;
				ENABLE_STRICT_OBJC_MSGSEND = YES;
				ENABLE_TESTABILITY = YES;
				GCC_C_LANGUAGE_STANDARD = gnu11;
				GCC_DYNAMIC_NO_PIC = NO;
				GCC_NO_COMMON_BLOCKS = YES;
				GCC_OPTIMIZATION_LEVEL = 0;
				GCC_PREPROCESSOR_DEFINITIONS = (
					"DEBUG=1",
					"$(inherited)",
				);
				GCC_WARN_64_TO_32_BIT_CONVERSION = YES;
				GCC_WARN_ABOUT_RETURN_TYPE = YES_ERROR;
				GCC_WARN_UNDECLARED_SELECTOR = YES;
				GCC_WARN_UNINITIALIZED_AUTOS = YES_AGGRESSIVE;
				GCC_WARN_UNUSED_FUNCTION = YES;
				GCC_WARN_UNUSED_VARIABLE = YES;
				IPHONEOS_DEPLOYMENT_TARGET = 16.2;
				MTL_ENABLE_DEBUG_INFO = INCLUDE_SOURCE;
				MTL_FAST_MATH = YES;
				ONLY_ACTIVE_ARCH = YES;
				SDKROOT = iphoneos;
				SWIFT_ACTIVE_COMPILATION_CONDITIONS = DEBUG;
				SWIFT_OPTIMIZATION_LEVEL = "-Onone";
			};
			name = Debug;
		};
		9629564629CD846B00A587C5 /* Release */ = {
			isa = XCBuildConfiguration;
			buildSettings = {
				ALWAYS_SEARCH_USER_PATHS = NO;
				CLANG_ANALYZER_LOCALIZABILITY_NONLOCALIZED = YES;
				CLANG_ANALYZER_NONNULL = YES;
				CLANG_ANALYZER_NUMBER_OBJECT_CONVERSION = YES_AGGRESSIVE;
				CLANG_CXX_LANGUAGE_STANDARD = "gnu++20";
				CLANG_ENABLE_MODULES = YES;
				CLANG_ENABLE_OBJC_ARC = YES;
				CLANG_ENABLE_OBJC_WEAK = YES;
				CLANG_WARN_BLOCK_CAPTURE_AUTORELEASING = YES;
				CLANG_WARN_BOOL_CONVERSION = YES;
				CLANG_WARN_COMMA = YES;
				CLANG_WARN_CONSTANT_CONVERSION = YES;
				CLANG_WARN_DEPRECATED_OBJC_IMPLEMENTATIONS = YES;
				CLANG_WARN_DIRECT_OBJC_ISA_USAGE = YES_ERROR;
				CLANG_WARN_DOCUMENTATION_COMMENTS = YES;
				CLANG_WARN_EMPTY_BODY = YES;
				CLANG_WARN_ENUM_CONVERSION = YES;
				CLANG_WARN_INFINITE_RECURSION = YES;
				CLANG_WARN_INT_CONVERSION = YES;
				CLANG_WARN_NON_LITERAL_NULL_CONVERSION = YES;
				CLANG_WARN_OBJC_IMPLICIT_RETAIN_SELF = YES;
				CLANG_WARN_OBJC_LITERAL_CONVERSION = YES;
				CLANG_WARN_OBJC_ROOT_CLASS = YES_ERROR;
				CLANG_WARN_QUOTED_INCLUDE_IN_FRAMEWORK_HEADER = YES;
				CLANG_WARN_RANGE_LOOP_ANALYSIS = YES;
				CLANG_WARN_STRICT_PROTOTYPES = YES;
				CLANG_WARN_SUSPICIOUS_MOVE = YES;
				CLANG_WARN_UNGUARDED_AVAILABILITY = YES_AGGRESSIVE;
				CLANG_WARN_UNREACHABLE_CODE = YES;
				CLANG_WARN__DUPLICATE_METHOD_MATCH = YES;
				COPY_PHASE_STRIP = NO;
				DEBUG_INFORMATION_FORMAT = "dwarf-with-dsym";
				ENABLE_NS_ASSERTIONS = NO;
				ENABLE_STRICT_OBJC_MSGSEND = YES;
				GCC_C_LANGUAGE_STANDARD = gnu11;
				GCC_NO_COMMON_BLOCKS = YES;
				GCC_WARN_64_TO_32_BIT_CONVERSION = YES;
				GCC_WARN_ABOUT_RETURN_TYPE = YES_ERROR;
				GCC_WARN_UNDECLARED_SELECTOR = YES;
				GCC_WARN_UNINITIALIZED_AUTOS = YES_AGGRESSIVE;
				GCC_WARN_UNUSED_FUNCTION = YES;
				GCC_WARN_UNUSED_VARIABLE = YES;
				IPHONEOS_DEPLOYMENT_TARGET = 16.2;
				MTL_ENABLE_DEBUG_INFO = NO;
				MTL_FAST_MATH = YES;
				SDKROOT = iphoneos;
				SWIFT_COMPILATION_MODE = wholemodule;
				SWIFT_OPTIMIZATION_LEVEL = "-O";
				VALIDATE_PRODUCT = YES;
			};
			name = Release;
		};
		9629564829CD846B00A587C5 /* Debug */ = {
			isa = XCBuildConfiguration;
			baseConfigurationReference = FC38385DBB15E387BAE25701 /* Pods-Tracker.debug.xcconfig */;
			buildSettings = {
				ASSETCATALOG_COMPILER_APPICON_NAME = AppIcon;
				ASSETCATALOG_COMPILER_GLOBAL_ACCENT_COLOR_NAME = AccentColor;
				CODE_SIGN_STYLE = Automatic;
				CURRENT_PROJECT_VERSION = 1;
				DEVELOPMENT_TEAM = G5T3Z588PS;
				ENABLE_TESTABILITY = YES;
				ENABLE_TESTING_SEARCH_PATHS = YES;
				GENERATE_INFOPLIST_FILE = YES;
				INFOPLIST_FILE = Tracker/Info.plist;
				INFOPLIST_KEY_CFBundleDisplayName = Tracker;
				INFOPLIST_KEY_UIApplicationSupportsIndirectInputEvents = YES;
				INFOPLIST_KEY_UILaunchStoryboardName = LaunchScreen;
				INFOPLIST_KEY_UIStatusBarHidden = NO;
				INFOPLIST_KEY_UIStatusBarStyle = "";
				INFOPLIST_KEY_UISupportedInterfaceOrientations = UIInterfaceOrientationPortrait;
				INFOPLIST_KEY_UISupportedInterfaceOrientations_iPad = "UIInterfaceOrientationLandscapeLeft UIInterfaceOrientationLandscapeRight UIInterfaceOrientationPortrait UIInterfaceOrientationPortraitUpsideDown";
				IPHONEOS_DEPLOYMENT_TARGET = 13.4;
				LD_RUNPATH_SEARCH_PATHS = (
					"$(inherited)",
					"@executable_path/Frameworks",
				);
				MARKETING_VERSION = 1.0;
				PRODUCT_BUNDLE_IDENTIFIER = ru.practicum.Tracker.Tracker;
				PRODUCT_NAME = "$(TARGET_NAME)";
				SUPPORTED_PLATFORMS = "iphoneos iphonesimulator";
				SUPPORTS_MACCATALYST = NO;
				SUPPORTS_MAC_DESIGNED_FOR_IPHONE_IPAD = NO;
				SWIFT_EMIT_LOC_STRINGS = YES;
				SWIFT_VERSION = 5.0;
				TARGETED_DEVICE_FAMILY = 1;
			};
			name = Debug;
		};
		9629564929CD846B00A587C5 /* Release */ = {
			isa = XCBuildConfiguration;
			baseConfigurationReference = 114C57EBD368DB92101796D7 /* Pods-Tracker.release.xcconfig */;
			buildSettings = {
				ASSETCATALOG_COMPILER_APPICON_NAME = AppIcon;
				ASSETCATALOG_COMPILER_GLOBAL_ACCENT_COLOR_NAME = AccentColor;
				CODE_SIGN_STYLE = Automatic;
				CURRENT_PROJECT_VERSION = 1;
				DEVELOPMENT_TEAM = G5T3Z588PS;
				ENABLE_TESTABILITY = NO;
				ENABLE_TESTING_SEARCH_PATHS = YES;
				GENERATE_INFOPLIST_FILE = YES;
				INFOPLIST_FILE = Tracker/Info.plist;
				INFOPLIST_KEY_CFBundleDisplayName = Tracker;
				INFOPLIST_KEY_UIApplicationSupportsIndirectInputEvents = YES;
				INFOPLIST_KEY_UILaunchStoryboardName = LaunchScreen;
				INFOPLIST_KEY_UIStatusBarHidden = NO;
				INFOPLIST_KEY_UIStatusBarStyle = "";
				INFOPLIST_KEY_UISupportedInterfaceOrientations = UIInterfaceOrientationPortrait;
				INFOPLIST_KEY_UISupportedInterfaceOrientations_iPad = "UIInterfaceOrientationLandscapeLeft UIInterfaceOrientationLandscapeRight UIInterfaceOrientationPortrait UIInterfaceOrientationPortraitUpsideDown";
				IPHONEOS_DEPLOYMENT_TARGET = 13.4;
				LD_RUNPATH_SEARCH_PATHS = (
					"$(inherited)",
					"@executable_path/Frameworks",
				);
				MARKETING_VERSION = 1.0;
				PRODUCT_BUNDLE_IDENTIFIER = ru.practicum.Tracker.Tracker;
				PRODUCT_NAME = "$(TARGET_NAME)";
				SUPPORTED_PLATFORMS = "iphoneos iphonesimulator";
				SUPPORTS_MACCATALYST = NO;
				SUPPORTS_MAC_DESIGNED_FOR_IPHONE_IPAD = NO;
				SWIFT_EMIT_LOC_STRINGS = YES;
				SWIFT_VERSION = 5.0;
				TARGETED_DEVICE_FAMILY = 1;
			};
			name = Release;
		};
/* End XCBuildConfiguration section */

/* Begin XCConfigurationList section */
		96251DEA2A5FA84000E13596 /* Build configuration list for PBXNativeTarget "TrackerUITests" */ = {
			isa = XCConfigurationList;
			buildConfigurations = (
				96251DEB2A5FA84000E13596 /* Debug */,
				96251DEC2A5FA84000E13596 /* Release */,
			);
			defaultConfigurationIsVisible = 0;
			defaultConfigurationName = Release;
		};
		9629562E29CD846900A587C5 /* Build configuration list for PBXProject "Tracker" */ = {
			isa = XCConfigurationList;
			buildConfigurations = (
				9629564529CD846B00A587C5 /* Debug */,
				9629564629CD846B00A587C5 /* Release */,
			);
			defaultConfigurationIsVisible = 0;
			defaultConfigurationName = Release;
		};
		9629564729CD846B00A587C5 /* Build configuration list for PBXNativeTarget "Tracker" */ = {
			isa = XCConfigurationList;
			buildConfigurations = (
				9629564829CD846B00A587C5 /* Debug */,
				9629564929CD846B00A587C5 /* Release */,
			);
			defaultConfigurationIsVisible = 0;
			defaultConfigurationName = Release;
		};
/* End XCConfigurationList section */

/* Begin XCRemoteSwiftPackageReference section */
		96251DF02A5FA8C600E13596 /* XCRemoteSwiftPackageReference "swift-snapshot-testing" */ = {
			isa = XCRemoteSwiftPackageReference;
			repositoryURL = "https://github.com/pointfreeco/swift-snapshot-testing";
			requirement = {
				kind = exactVersion;
				version = 1.11.1;
			};
		};
		96816CDB2A5D6FAE003795A4 /* XCRemoteSwiftPackageReference "R" */ = {
			isa = XCRemoteSwiftPackageReference;
			repositoryURL = "https://github.com/mac-cain13/R.swift";
			requirement = {
				kind = exactVersion;
				version = 7.3.2;
			};
		};
/* End XCRemoteSwiftPackageReference section */

/* Begin XCSwiftPackageProductDependency section */
		96251DF12A5FA8C600E13596 /* SnapshotTesting */ = {
			isa = XCSwiftPackageProductDependency;
			package = 96251DF02A5FA8C600E13596 /* XCRemoteSwiftPackageReference "swift-snapshot-testing" */;
			productName = SnapshotTesting;
		};
		96816CDC2A5D6FAE003795A4 /* RswiftLibrary */ = {
			isa = XCSwiftPackageProductDependency;
			package = 96816CDB2A5D6FAE003795A4 /* XCRemoteSwiftPackageReference "R" */;
			productName = RswiftLibrary;
		};
		96816CDE2A5D6FD5003795A4 /* RswiftGenerateInternalResources */ = {
			isa = XCSwiftPackageProductDependency;
			productName = "plugin:RswiftGenerateInternalResources";
		};
/* End XCSwiftPackageProductDependency section */

/* Begin XCVersionGroup section */
		96F7038C29FD1CCE00BBFF5C /* Tracker.xcdatamodeld */ = {
			isa = XCVersionGroup;
			children = (
				96F7038D29FD1CCE00BBFF5C /* Tracker.xcdatamodel */,
			);
			currentVersion = 96F7038D29FD1CCE00BBFF5C /* Tracker.xcdatamodel */;
			path = Tracker.xcdatamodeld;
			sourceTree = "<group>";
			versionGroupType = wrapper.xcdatamodel;
		};
/* End XCVersionGroup section */
	};
	rootObject = 9629562B29CD846900A587C5 /* Project object */;
}
