// !$*UTF8*$!
{
	archiveVersion = 1;
	classes = {
	};
	objectVersion = 56;
	objects = {

/* Begin PBXBuildFile section */
		9602B0EF29D9626200FD66D2 /* TrackersViewPresenter.swift in Sources */ = {isa = PBXBuildFile; fileRef = 9602B0EE29D9626200FD66D2 /* TrackersViewPresenter.swift */; };
		9602B0F229D967BB00FD66D2 /* CollectionPlaceholderView.swift in Sources */ = {isa = PBXBuildFile; fileRef = 9602B0F129D967BB00FD66D2 /* CollectionPlaceholderView.swift */; };
		9602B0F729D9DD1600FD66D2 /* TrackerCollectionViewCell.swift in Sources */ = {isa = PBXBuildFile; fileRef = 9602B0F629D9DD1600FD66D2 /* TrackerCollectionViewCell.swift */; };
		9617C95429DAE0F90054987D /* Tracker.swift in Sources */ = {isa = PBXBuildFile; fileRef = 9617C95329DAE0F90054987D /* Tracker.swift */; };
		9617C95629DAE1090054987D /* TrackerCategory.swift in Sources */ = {isa = PBXBuildFile; fileRef = 9617C95529DAE1090054987D /* TrackerCategory.swift */; };
		9617C95829DAE11E0054987D /* TrackerRecord.swift in Sources */ = {isa = PBXBuildFile; fileRef = 9617C95729DAE11E0054987D /* TrackerRecord.swift */; };
		9617C95B29DAE5920054987D /* WeekDay.swift in Sources */ = {isa = PBXBuildFile; fileRef = 9617C95A29DAE5920054987D /* WeekDay.swift */; };
		9617C95F29DB0CF70054987D /* TrackersViewPresenterCollectionHelper.swift in Sources */ = {isa = PBXBuildFile; fileRef = 9617C95E29DB0CF70054987D /* TrackersViewPresenterCollectionHelper.swift */; };
		9629563729CD846900A587C5 /* AppDelegate.swift in Sources */ = {isa = PBXBuildFile; fileRef = 9629563629CD846900A587C5 /* AppDelegate.swift */; };
		9629563929CD846900A587C5 /* SceneDelegate.swift in Sources */ = {isa = PBXBuildFile; fileRef = 9629563829CD846900A587C5 /* SceneDelegate.swift */; };
		9629563B29CD846900A587C5 /* TrackersViewController.swift in Sources */ = {isa = PBXBuildFile; fileRef = 9629563A29CD846900A587C5 /* TrackersViewController.swift */; };
		9629564029CD846B00A587C5 /* Assets.xcassets in Resources */ = {isa = PBXBuildFile; fileRef = 9629563F29CD846B00A587C5 /* Assets.xcassets */; };
		9629564329CD846B00A587C5 /* LaunchScreen.storyboard in Resources */ = {isa = PBXBuildFile; fileRef = 9629564129CD846B00A587C5 /* LaunchScreen.storyboard */; };
		96E63F4729D732F700AA0970 /* UIColor+Extensions.swift in Sources */ = {isa = PBXBuildFile; fileRef = 96E63F4629D732F700AA0970 /* UIColor+Extensions.swift */; };
		96E63F4D29D735D500AA0970 /* TabBarViewController.swift in Sources */ = {isa = PBXBuildFile; fileRef = 96E63F4C29D735D500AA0970 /* TabBarViewController.swift */; };
		96E63F5129D7360200AA0970 /* StatisticsViewController.swift in Sources */ = {isa = PBXBuildFile; fileRef = 96E63F5029D7360200AA0970 /* StatisticsViewController.swift */; };
/* End PBXBuildFile section */

/* Begin PBXFileReference section */
		9602B0EE29D9626200FD66D2 /* TrackersViewPresenter.swift */ = {isa = PBXFileReference; lastKnownFileType = sourcecode.swift; path = TrackersViewPresenter.swift; sourceTree = "<group>"; };
		9602B0F129D967BB00FD66D2 /* CollectionPlaceholderView.swift */ = {isa = PBXFileReference; lastKnownFileType = sourcecode.swift; path = CollectionPlaceholderView.swift; sourceTree = "<group>"; };
		9602B0F629D9DD1600FD66D2 /* TrackerCollectionViewCell.swift */ = {isa = PBXFileReference; lastKnownFileType = sourcecode.swift; path = TrackerCollectionViewCell.swift; sourceTree = "<group>"; };
		9617C95329DAE0F90054987D /* Tracker.swift */ = {isa = PBXFileReference; lastKnownFileType = sourcecode.swift; path = Tracker.swift; sourceTree = "<group>"; };
		9617C95529DAE1090054987D /* TrackerCategory.swift */ = {isa = PBXFileReference; lastKnownFileType = sourcecode.swift; path = TrackerCategory.swift; sourceTree = "<group>"; };
		9617C95729DAE11E0054987D /* TrackerRecord.swift */ = {isa = PBXFileReference; lastKnownFileType = sourcecode.swift; path = TrackerRecord.swift; sourceTree = "<group>"; };
		9617C95A29DAE5920054987D /* WeekDay.swift */ = {isa = PBXFileReference; lastKnownFileType = sourcecode.swift; path = WeekDay.swift; sourceTree = "<group>"; };
		9617C95E29DB0CF70054987D /* TrackersViewPresenterCollectionHelper.swift */ = {isa = PBXFileReference; lastKnownFileType = sourcecode.swift; path = TrackersViewPresenterCollectionHelper.swift; sourceTree = "<group>"; };
		9629563329CD846900A587C5 /* Tracker.app */ = {isa = PBXFileReference; explicitFileType = wrapper.application; includeInIndex = 0; path = Tracker.app; sourceTree = BUILT_PRODUCTS_DIR; };
		9629563629CD846900A587C5 /* AppDelegate.swift */ = {isa = PBXFileReference; lastKnownFileType = sourcecode.swift; path = AppDelegate.swift; sourceTree = "<group>"; };
		9629563829CD846900A587C5 /* SceneDelegate.swift */ = {isa = PBXFileReference; lastKnownFileType = sourcecode.swift; path = SceneDelegate.swift; sourceTree = "<group>"; };
		9629563A29CD846900A587C5 /* TrackersViewController.swift */ = {isa = PBXFileReference; lastKnownFileType = sourcecode.swift; path = TrackersViewController.swift; sourceTree = "<group>"; };
		9629563F29CD846B00A587C5 /* Assets.xcassets */ = {isa = PBXFileReference; lastKnownFileType = folder.assetcatalog; path = Assets.xcassets; sourceTree = "<group>"; };
		9629564229CD846B00A587C5 /* Base */ = {isa = PBXFileReference; lastKnownFileType = file.storyboard; name = Base; path = Base.lproj/LaunchScreen.storyboard; sourceTree = "<group>"; };
		9629564429CD846B00A587C5 /* Info.plist */ = {isa = PBXFileReference; lastKnownFileType = text.plist.xml; path = Info.plist; sourceTree = "<group>"; };
		96E63F4629D732F700AA0970 /* UIColor+Extensions.swift */ = {isa = PBXFileReference; lastKnownFileType = sourcecode.swift; path = "UIColor+Extensions.swift"; sourceTree = "<group>"; };
		96E63F4C29D735D500AA0970 /* TabBarViewController.swift */ = {isa = PBXFileReference; lastKnownFileType = sourcecode.swift; path = TabBarViewController.swift; sourceTree = "<group>"; };
		96E63F5029D7360200AA0970 /* StatisticsViewController.swift */ = {isa = PBXFileReference; lastKnownFileType = sourcecode.swift; path = StatisticsViewController.swift; sourceTree = "<group>"; };
/* End PBXFileReference section */

/* Begin PBXFrameworksBuildPhase section */
		9629563029CD846900A587C5 /* Frameworks */ = {
			isa = PBXFrameworksBuildPhase;
			buildActionMask = 2147483647;
			files = (
			);
			runOnlyForDeploymentPostprocessing = 0;
		};
/* End PBXFrameworksBuildPhase section */

/* Begin PBXGroup section */
		9602B0F029D9678100FD66D2 /* PlaceholderView */ = {
			isa = PBXGroup;
			children = (
				9602B0F129D967BB00FD66D2 /* CollectionPlaceholderView.swift */,
			);
			path = PlaceholderView;
			sourceTree = "<group>";
		};
		9602B0F529D9DCF900FD66D2 /* CollectionView */ = {
			isa = PBXGroup;
			children = (
				9602B0F629D9DD1600FD66D2 /* TrackerCollectionViewCell.swift */,
				9617C95E29DB0CF70054987D /* TrackersViewPresenterCollectionHelper.swift */,
			);
			path = CollectionView;
			sourceTree = "<group>";
		};
		9617C95929DAE5820054987D /* Trackers */ = {
			isa = PBXGroup;
			children = (
				9617C95729DAE11E0054987D /* TrackerRecord.swift */,
				9617C95529DAE1090054987D /* TrackerCategory.swift */,
				9617C95329DAE0F90054987D /* Tracker.swift */,
			);
			path = Trackers;
			sourceTree = "<group>";
		};
		9617C96029DB10320054987D /* Services */ = {
			isa = PBXGroup;
			children = (
			);
			path = Services;
			sourceTree = "<group>";
		};
		9629562A29CD846900A587C5 = {
			isa = PBXGroup;
			children = (
				9629563529CD846900A587C5 /* Tracker */,
				9629563429CD846900A587C5 /* Products */,
			);
			sourceTree = "<group>";
		};
		9629563429CD846900A587C5 /* Products */ = {
			isa = PBXGroup;
			children = (
				9629563329CD846900A587C5 /* Tracker.app */,
			);
			name = Products;
			sourceTree = "<group>";
		};
		9629563529CD846900A587C5 /* Tracker */ = {
			isa = PBXGroup;
			children = (
				9617C96029DB10320054987D /* Services */,
				96E63F4529D732E500AA0970 /* Helpers */,
				96526ADC29D4A52900329D34 /* Models */,
				96526ADB29D4A51F00329D34 /* Presentation */,
				9629563629CD846900A587C5 /* AppDelegate.swift */,
				9629563829CD846900A587C5 /* SceneDelegate.swift */,
				9629563F29CD846B00A587C5 /* Assets.xcassets */,
				9629564129CD846B00A587C5 /* LaunchScreen.storyboard */,
				9629564429CD846B00A587C5 /* Info.plist */,
			);
			path = Tracker;
			sourceTree = "<group>";
		};
		96526ADB29D4A51F00329D34 /* Presentation */ = {
			isa = PBXGroup;
			children = (
				96E63F4F29D735E800AA0970 /* Statistics */,
				96E63F4E29D735D900AA0970 /* Trackers */,
				96E63F4B29D735B100AA0970 /* TabBarController */,
			);
			path = Presentation;
			sourceTree = "<group>";
		};
		96526ADC29D4A52900329D34 /* Models */ = {
			isa = PBXGroup;
			children = (
				9617C95929DAE5820054987D /* Trackers */,
				9617C95A29DAE5920054987D /* WeekDay.swift */,
			);
			path = Models;
			sourceTree = "<group>";
		};
		96E63F4529D732E500AA0970 /* Helpers */ = {
			isa = PBXGroup;
			children = (
				96E63F4629D732F700AA0970 /* UIColor+Extensions.swift */,
			);
			path = Helpers;
			sourceTree = "<group>";
		};
		96E63F4B29D735B100AA0970 /* TabBarController */ = {
			isa = PBXGroup;
			children = (
				96E63F4C29D735D500AA0970 /* TabBarViewController.swift */,
			);
			path = TabBarController;
			sourceTree = "<group>";
		};
		96E63F4E29D735D900AA0970 /* Trackers */ = {
			isa = PBXGroup;
			children = (
				9602B0F529D9DCF900FD66D2 /* CollectionView */,
				9602B0F029D9678100FD66D2 /* PlaceholderView */,
				9629563A29CD846900A587C5 /* TrackersViewController.swift */,
				9602B0EE29D9626200FD66D2 /* TrackersViewPresenter.swift */,
			);
			path = Trackers;
			sourceTree = "<group>";
		};
		96E63F4F29D735E800AA0970 /* Statistics */ = {
			isa = PBXGroup;
			children = (
				96E63F5029D7360200AA0970 /* StatisticsViewController.swift */,
			);
			path = Statistics;
			sourceTree = "<group>";
		};
/* End PBXGroup section */

/* Begin PBXNativeTarget section */
		9629563229CD846900A587C5 /* Tracker */ = {
			isa = PBXNativeTarget;
			buildConfigurationList = 9629564729CD846B00A587C5 /* Build configuration list for PBXNativeTarget "Tracker" */;
			buildPhases = (
				9629562F29CD846900A587C5 /* Sources */,
				9629563029CD846900A587C5 /* Frameworks */,
				9629563129CD846900A587C5 /* Resources */,
			);
			buildRules = (
			);
			dependencies = (
			);
			name = Tracker;
			productName = Tracker;
			productReference = 9629563329CD846900A587C5 /* Tracker.app */;
			productType = "com.apple.product-type.application";
		};
/* End PBXNativeTarget section */

/* Begin PBXProject section */
		9629562B29CD846900A587C5 /* Project object */ = {
			isa = PBXProject;
			attributes = {
				BuildIndependentTargetsInParallel = 1;
				LastSwiftUpdateCheck = 1420;
				LastUpgradeCheck = 1420;
				TargetAttributes = {
					9629563229CD846900A587C5 = {
						CreatedOnToolsVersion = 14.2;
					};
				};
			};
			buildConfigurationList = 9629562E29CD846900A587C5 /* Build configuration list for PBXProject "Tracker" */;
			compatibilityVersion = "Xcode 14.0";
			developmentRegion = en;
			hasScannedForEncodings = 0;
			knownRegions = (
				en,
				Base,
			);
			mainGroup = 9629562A29CD846900A587C5;
			productRefGroup = 9629563429CD846900A587C5 /* Products */;
			projectDirPath = "";
			projectRoot = "";
			targets = (
				9629563229CD846900A587C5 /* Tracker */,
			);
		};
/* End PBXProject section */

/* Begin PBXResourcesBuildPhase section */
		9629563129CD846900A587C5 /* Resources */ = {
			isa = PBXResourcesBuildPhase;
			buildActionMask = 2147483647;
			files = (
				9629564329CD846B00A587C5 /* LaunchScreen.storyboard in Resources */,
				9629564029CD846B00A587C5 /* Assets.xcassets in Resources */,
			);
			runOnlyForDeploymentPostprocessing = 0;
		};
/* End PBXResourcesBuildPhase section */

/* Begin PBXSourcesBuildPhase section */
		9629562F29CD846900A587C5 /* Sources */ = {
			isa = PBXSourcesBuildPhase;
			buildActionMask = 2147483647;
			files = (
				9602B0F229D967BB00FD66D2 /* CollectionPlaceholderView.swift in Sources */,
				9629563B29CD846900A587C5 /* TrackersViewController.swift in Sources */,
				9617C95429DAE0F90054987D /* Tracker.swift in Sources */,
				9629563729CD846900A587C5 /* AppDelegate.swift in Sources */,
				9602B0EF29D9626200FD66D2 /* TrackersViewPresenter.swift in Sources */,
				9617C95829DAE11E0054987D /* TrackerRecord.swift in Sources */,
				9602B0F729D9DD1600FD66D2 /* TrackerCollectionViewCell.swift in Sources */,
				9617C95B29DAE5920054987D /* WeekDay.swift in Sources */,
				9629563929CD846900A587C5 /* SceneDelegate.swift in Sources */,
				96E63F5129D7360200AA0970 /* StatisticsViewController.swift in Sources */,
				96E63F4D29D735D500AA0970 /* TabBarViewController.swift in Sources */,
				96E63F4729D732F700AA0970 /* UIColor+Extensions.swift in Sources */,
				9617C95F29DB0CF70054987D /* TrackersViewPresenterCollectionHelper.swift in Sources */,
				9617C95629DAE1090054987D /* TrackerCategory.swift in Sources */,
			);
			runOnlyForDeploymentPostprocessing = 0;
		};
/* End PBXSourcesBuildPhase section */

/* Begin PBXVariantGroup section */
		9629564129CD846B00A587C5 /* LaunchScreen.storyboard */ = {
			isa = PBXVariantGroup;
			children = (
				9629564229CD846B00A587C5 /* Base */,
			);
			name = LaunchScreen.storyboard;
			sourceTree = "<group>";
		};
/* End PBXVariantGroup section */

/* Begin XCBuildConfiguration section */
		9629564529CD846B00A587C5 /* Debug */ = {
			isa = XCBuildConfiguration;
			buildSettings = {
				ALWAYS_SEARCH_USER_PATHS = NO;
				CLANG_ANALYZER_NONNULL = YES;
				CLANG_ANALYZER_NUMBER_OBJECT_CONVERSION = YES_AGGRESSIVE;
				CLANG_CXX_LANGUAGE_STANDARD = "gnu++20";
				CLANG_ENABLE_MODULES = YES;
				CLANG_ENABLE_OBJC_ARC = YES;
				CLANG_ENABLE_OBJC_WEAK = YES;
				CLANG_WARN_BLOCK_CAPTURE_AUTORELEASING = YES;
				CLANG_WARN_BOOL_CONVERSION = YES;
				CLANG_WARN_COMMA = YES;
				CLANG_WARN_CONSTANT_CONVERSION = YES;
				CLANG_WARN_DEPRECATED_OBJC_IMPLEMENTATIONS = YES;
				CLANG_WARN_DIRECT_OBJC_ISA_USAGE = YES_ERROR;
				CLANG_WARN_DOCUMENTATION_COMMENTS = YES;
				CLANG_WARN_EMPTY_BODY = YES;
				CLANG_WARN_ENUM_CONVERSION = YES;
				CLANG_WARN_INFINITE_RECURSION = YES;
				CLANG_WARN_INT_CONVERSION = YES;
				CLANG_WARN_NON_LITERAL_NULL_CONVERSION = YES;
				CLANG_WARN_OBJC_IMPLICIT_RETAIN_SELF = YES;
				CLANG_WARN_OBJC_LITERAL_CONVERSION = YES;
				CLANG_WARN_OBJC_ROOT_CLASS = YES_ERROR;
				CLANG_WARN_QUOTED_INCLUDE_IN_FRAMEWORK_HEADER = YES;
				CLANG_WARN_RANGE_LOOP_ANALYSIS = YES;
				CLANG_WARN_STRICT_PROTOTYPES = YES;
				CLANG_WARN_SUSPICIOUS_MOVE = YES;
				CLANG_WARN_UNGUARDED_AVAILABILITY = YES_AGGRESSIVE;
				CLANG_WARN_UNREACHABLE_CODE = YES;
				CLANG_WARN__DUPLICATE_METHOD_MATCH = YES;
				COPY_PHASE_STRIP = NO;
				DEBUG_INFORMATION_FORMAT = dwarf;
				ENABLE_STRICT_OBJC_MSGSEND = YES;
				ENABLE_TESTABILITY = YES;
				GCC_C_LANGUAGE_STANDARD = gnu11;
				GCC_DYNAMIC_NO_PIC = NO;
				GCC_NO_COMMON_BLOCKS = YES;
				GCC_OPTIMIZATION_LEVEL = 0;
				GCC_PREPROCESSOR_DEFINITIONS = (
					"DEBUG=1",
					"$(inherited)",
				);
				GCC_WARN_64_TO_32_BIT_CONVERSION = YES;
				GCC_WARN_ABOUT_RETURN_TYPE = YES_ERROR;
				GCC_WARN_UNDECLARED_SELECTOR = YES;
				GCC_WARN_UNINITIALIZED_AUTOS = YES_AGGRESSIVE;
				GCC_WARN_UNUSED_FUNCTION = YES;
				GCC_WARN_UNUSED_VARIABLE = YES;
				IPHONEOS_DEPLOYMENT_TARGET = 16.2;
				MTL_ENABLE_DEBUG_INFO = INCLUDE_SOURCE;
				MTL_FAST_MATH = YES;
				ONLY_ACTIVE_ARCH = YES;
				SDKROOT = iphoneos;
				SWIFT_ACTIVE_COMPILATION_CONDITIONS = DEBUG;
				SWIFT_OPTIMIZATION_LEVEL = "-Onone";
			};
			name = Debug;
		};
		9629564629CD846B00A587C5 /* Release */ = {
			isa = XCBuildConfiguration;
			buildSettings = {
				ALWAYS_SEARCH_USER_PATHS = NO;
				CLANG_ANALYZER_NONNULL = YES;
				CLANG_ANALYZER_NUMBER_OBJECT_CONVERSION = YES_AGGRESSIVE;
				CLANG_CXX_LANGUAGE_STANDARD = "gnu++20";
				CLANG_ENABLE_MODULES = YES;
				CLANG_ENABLE_OBJC_ARC = YES;
				CLANG_ENABLE_OBJC_WEAK = YES;
				CLANG_WARN_BLOCK_CAPTURE_AUTORELEASING = YES;
				CLANG_WARN_BOOL_CONVERSION = YES;
				CLANG_WARN_COMMA = YES;
				CLANG_WARN_CONSTANT_CONVERSION = YES;
				CLANG_WARN_DEPRECATED_OBJC_IMPLEMENTATIONS = YES;
				CLANG_WARN_DIRECT_OBJC_ISA_USAGE = YES_ERROR;
				CLANG_WARN_DOCUMENTATION_COMMENTS = YES;
				CLANG_WARN_EMPTY_BODY = YES;
				CLANG_WARN_ENUM_CONVERSION = YES;
				CLANG_WARN_INFINITE_RECURSION = YES;
				CLANG_WARN_INT_CONVERSION = YES;
				CLANG_WARN_NON_LITERAL_NULL_CONVERSION = YES;
				CLANG_WARN_OBJC_IMPLICIT_RETAIN_SELF = YES;
				CLANG_WARN_OBJC_LITERAL_CONVERSION = YES;
				CLANG_WARN_OBJC_ROOT_CLASS = YES_ERROR;
				CLANG_WARN_QUOTED_INCLUDE_IN_FRAMEWORK_HEADER = YES;
				CLANG_WARN_RANGE_LOOP_ANALYSIS = YES;
				CLANG_WARN_STRICT_PROTOTYPES = YES;
				CLANG_WARN_SUSPICIOUS_MOVE = YES;
				CLANG_WARN_UNGUARDED_AVAILABILITY = YES_AGGRESSIVE;
				CLANG_WARN_UNREACHABLE_CODE = YES;
				CLANG_WARN__DUPLICATE_METHOD_MATCH = YES;
				COPY_PHASE_STRIP = NO;
				DEBUG_INFORMATION_FORMAT = "dwarf-with-dsym";
				ENABLE_NS_ASSERTIONS = NO;
				ENABLE_STRICT_OBJC_MSGSEND = YES;
				GCC_C_LANGUAGE_STANDARD = gnu11;
				GCC_NO_COMMON_BLOCKS = YES;
				GCC_WARN_64_TO_32_BIT_CONVERSION = YES;
				GCC_WARN_ABOUT_RETURN_TYPE = YES_ERROR;
				GCC_WARN_UNDECLARED_SELECTOR = YES;
				GCC_WARN_UNINITIALIZED_AUTOS = YES_AGGRESSIVE;
				GCC_WARN_UNUSED_FUNCTION = YES;
				GCC_WARN_UNUSED_VARIABLE = YES;
				IPHONEOS_DEPLOYMENT_TARGET = 16.2;
				MTL_ENABLE_DEBUG_INFO = NO;
				MTL_FAST_MATH = YES;
				SDKROOT = iphoneos;
				SWIFT_COMPILATION_MODE = wholemodule;
				SWIFT_OPTIMIZATION_LEVEL = "-O";
				VALIDATE_PRODUCT = YES;
			};
			name = Release;
		};
		9629564829CD846B00A587C5 /* Debug */ = {
			isa = XCBuildConfiguration;
			buildSettings = {
				ASSETCATALOG_COMPILER_APPICON_NAME = AppIcon;
				ASSETCATALOG_COMPILER_GLOBAL_ACCENT_COLOR_NAME = AccentColor;
				CODE_SIGN_STYLE = Automatic;
				CURRENT_PROJECT_VERSION = 1;
				DEVELOPMENT_TEAM = G5T3Z588PS;
				GENERATE_INFOPLIST_FILE = YES;
				INFOPLIST_FILE = Tracker/Info.plist;
				INFOPLIST_KEY_CFBundleDisplayName = Tracker;
				INFOPLIST_KEY_UIApplicationSupportsIndirectInputEvents = YES;
				INFOPLIST_KEY_UILaunchStoryboardName = LaunchScreen;
				INFOPLIST_KEY_UIStatusBarHidden = NO;
				INFOPLIST_KEY_UIStatusBarStyle = "";
				INFOPLIST_KEY_UISupportedInterfaceOrientations = UIInterfaceOrientationPortrait;
				INFOPLIST_KEY_UISupportedInterfaceOrientations_iPad = "UIInterfaceOrientationLandscapeLeft UIInterfaceOrientationLandscapeRight UIInterfaceOrientationPortrait UIInterfaceOrientationPortraitUpsideDown";
				IPHONEOS_DEPLOYMENT_TARGET = 13.4;
				LD_RUNPATH_SEARCH_PATHS = (
					"$(inherited)",
					"@executable_path/Frameworks",
				);
				MARKETING_VERSION = 1.0;
				PRODUCT_BUNDLE_IDENTIFIER = ru.practicum.Tracker.Tracker;
				PRODUCT_NAME = "$(TARGET_NAME)";
				SUPPORTED_PLATFORMS = "iphoneos iphonesimulator";
				SUPPORTS_MACCATALYST = NO;
				SUPPORTS_MAC_DESIGNED_FOR_IPHONE_IPAD = NO;
				SWIFT_EMIT_LOC_STRINGS = YES;
				SWIFT_VERSION = 5.0;
				TARGETED_DEVICE_FAMILY = 1;
			};
			name = Debug;
		};
		9629564929CD846B00A587C5 /* Release */ = {
			isa = XCBuildConfiguration;
			buildSettings = {
				ASSETCATALOG_COMPILER_APPICON_NAME = AppIcon;
				ASSETCATALOG_COMPILER_GLOBAL_ACCENT_COLOR_NAME = AccentColor;
				CODE_SIGN_STYLE = Automatic;
				CURRENT_PROJECT_VERSION = 1;
				DEVELOPMENT_TEAM = G5T3Z588PS;
				GENERATE_INFOPLIST_FILE = YES;
				INFOPLIST_FILE = Tracker/Info.plist;
				INFOPLIST_KEY_CFBundleDisplayName = Tracker;
				INFOPLIST_KEY_UIApplicationSupportsIndirectInputEvents = YES;
				INFOPLIST_KEY_UILaunchStoryboardName = LaunchScreen;
				INFOPLIST_KEY_UIStatusBarHidden = NO;
				INFOPLIST_KEY_UIStatusBarStyle = "";
				INFOPLIST_KEY_UISupportedInterfaceOrientations = UIInterfaceOrientationPortrait;
				INFOPLIST_KEY_UISupportedInterfaceOrientations_iPad = "UIInterfaceOrientationLandscapeLeft UIInterfaceOrientationLandscapeRight UIInterfaceOrientationPortrait UIInterfaceOrientationPortraitUpsideDown";
				IPHONEOS_DEPLOYMENT_TARGET = 13.4;
				LD_RUNPATH_SEARCH_PATHS = (
					"$(inherited)",
					"@executable_path/Frameworks",
				);
				MARKETING_VERSION = 1.0;
				PRODUCT_BUNDLE_IDENTIFIER = ru.practicum.Tracker.Tracker;
				PRODUCT_NAME = "$(TARGET_NAME)";
				SUPPORTED_PLATFORMS = "iphoneos iphonesimulator";
				SUPPORTS_MACCATALYST = NO;
				SUPPORTS_MAC_DESIGNED_FOR_IPHONE_IPAD = NO;
				SWIFT_EMIT_LOC_STRINGS = YES;
				SWIFT_VERSION = 5.0;
				TARGETED_DEVICE_FAMILY = 1;
			};
			name = Release;
		};
/* End XCBuildConfiguration section */

/* Begin XCConfigurationList section */
		9629562E29CD846900A587C5 /* Build configuration list for PBXProject "Tracker" */ = {
			isa = XCConfigurationList;
			buildConfigurations = (
				9629564529CD846B00A587C5 /* Debug */,
				9629564629CD846B00A587C5 /* Release */,
			);
			defaultConfigurationIsVisible = 0;
			defaultConfigurationName = Release;
		};
		9629564729CD846B00A587C5 /* Build configuration list for PBXNativeTarget "Tracker" */ = {
			isa = XCConfigurationList;
			buildConfigurations = (
				9629564829CD846B00A587C5 /* Debug */,
				9629564929CD846B00A587C5 /* Release */,
			);
			defaultConfigurationIsVisible = 0;
			defaultConfigurationName = Release;
		};
/* End XCConfigurationList section */
	};
	rootObject = 9629562B29CD846900A587C5 /* Project object */;
}
